// !$*UTF8*$!
{
	archiveVersion = 1;
	classes = {
	};
	objectVersion = 46;
	objects = {

/* Begin PBXBuildFile section */
		0FEFAB51E60F2A75275A558B /* Pods_gattaca.framework in Frameworks */ = {isa = PBXBuildFile; fileRef = A4EB7DE9DB31C7535E0A58A4 /* Pods_gattaca.framework */; };
		DA3475CA1F3DD2B00035C5CB /* MHomeDownloadGif.swift in Sources */ = {isa = PBXBuildFile; fileRef = DA3475C91F3DD2B00035C5CB /* MHomeDownloadGif.swift */; };
		DA68A2861F408A350094BC9B /* DGifExtension.swift in Sources */ = {isa = PBXBuildFile; fileRef = DA68A27E1F408A350094BC9B /* DGifExtension.swift */; };
		DA68A2871F408A350094BC9B /* DGifExtensionDirectory.swift in Sources */ = {isa = PBXBuildFile; fileRef = DA68A27F1F408A350094BC9B /* DGifExtensionDirectory.swift */; };
		DA68A2881F408A350094BC9B /* DSettingsExtension.swift in Sources */ = {isa = PBXBuildFile; fileRef = DA68A2801F408A350094BC9B /* DSettingsExtension.swift */; };
		DA68A2891F408A350094BC9B /* DManager.swift in Sources */ = {isa = PBXBuildFile; fileRef = DA68A2821F408A350094BC9B /* DManager.swift */; };
		DA68A28A1F408A350094BC9B /* DGattaca.xcdatamodeld in Sources */ = {isa = PBXBuildFile; fileRef = DA68A2841F408A350094BC9B /* DGattaca.xcdatamodeld */; };
		DA68A28C1F408B230094BC9B /* DManagerFactory.swift in Sources */ = {isa = PBXBuildFile; fileRef = DA68A28B1F408B230094BC9B /* DManagerFactory.swift */; };
		DA68F1961F38E5D500C13634 /* AppDelegate.swift in Sources */ = {isa = PBXBuildFile; fileRef = DA68F14F1F38E5D500C13634 /* AppDelegate.swift */; };
		DA68F1971F38E5D500C13634 /* Controller.swift in Sources */ = {isa = PBXBuildFile; fileRef = DA68F1501F38E5D500C13634 /* Controller.swift */; };
		DA68F1981F38E5D500C13634 /* ControllerParent.swift in Sources */ = {isa = PBXBuildFile; fileRef = DA68F1511F38E5D500C13634 /* ControllerParent.swift */; };
		DA68F1991F38E5D500C13634 /* ControllerParentTransitions.swift in Sources */ = {isa = PBXBuildFile; fileRef = DA68F1521F38E5D500C13634 /* ControllerParentTransitions.swift */; };
		DA68F19A1F38E5D500C13634 /* CHome.swift in Sources */ = {isa = PBXBuildFile; fileRef = DA68F1541F38E5D500C13634 /* CHome.swift */; };
		DA68F19B1F38E5D500C13634 /* Model.swift in Sources */ = {isa = PBXBuildFile; fileRef = DA68F1571F38E5D500C13634 /* Model.swift */; };
		DA68F19C1F38E5D500C13634 /* ModelDelegate.swift in Sources */ = {isa = PBXBuildFile; fileRef = DA68F1581F38E5D500C13634 /* ModelDelegate.swift */; };
		DA68F1A61F38E5D500C13634 /* LaunchScreen.storyboard in Resources */ = {isa = PBXBuildFile; fileRef = DA68F1691F38E5D500C13634 /* LaunchScreen.storyboard */; };
		DA68F1A81F38E5D500C13634 /* ExtensionCGImage.swift in Sources */ = {isa = PBXBuildFile; fileRef = DA68F16D1F38E5D500C13634 /* ExtensionCGImage.swift */; };
		DA68F1A91F38E5D500C13634 /* ExtensionDictionary.swift in Sources */ = {isa = PBXBuildFile; fileRef = DA68F16E1F38E5D500C13634 /* ExtensionDictionary.swift */; };
		DA68F1AA1F38E5D500C13634 /* ExtensionFileManager.swift in Sources */ = {isa = PBXBuildFile; fileRef = DA68F16F1F38E5D500C13634 /* ExtensionFileManager.swift */; };
		DA68F1AB1F38E5D500C13634 /* ExtensionNotification.swift in Sources */ = {isa = PBXBuildFile; fileRef = DA68F1701F38E5D500C13634 /* ExtensionNotification.swift */; };
		DA68F1AC1F38E5D500C13634 /* ExtensionNSLayoutConstraint.swift in Sources */ = {isa = PBXBuildFile; fileRef = DA68F1711F38E5D500C13634 /* ExtensionNSLayoutConstraint.swift */; };
		DA68F1AD1F38E5D500C13634 /* ExtensionNSManagedObject.swift in Sources */ = {isa = PBXBuildFile; fileRef = DA68F1721F38E5D500C13634 /* ExtensionNSManagedObject.swift */; };
		DA68F1AE1F38E5D500C13634 /* ExtensionString.swift in Sources */ = {isa = PBXBuildFile; fileRef = DA68F1731F38E5D500C13634 /* ExtensionString.swift */; };
		DA68F1AF1F38E5D500C13634 /* ExtensionUICollectionReusableView.swift in Sources */ = {isa = PBXBuildFile; fileRef = DA68F1741F38E5D500C13634 /* ExtensionUICollectionReusableView.swift */; };
		DA68F1B01F38E5D500C13634 /* ExtensionUIColor.swift in Sources */ = {isa = PBXBuildFile; fileRef = DA68F1751F38E5D500C13634 /* ExtensionUIColor.swift */; };
		DA68F1B11F38E5D500C13634 /* ExtensionUIFont.swift in Sources */ = {isa = PBXBuildFile; fileRef = DA68F1761F38E5D500C13634 /* ExtensionUIFont.swift */; };
		DA68F1B21F38E5D500C13634 /* ExtensionURL.swift in Sources */ = {isa = PBXBuildFile; fileRef = DA68F1771F38E5D500C13634 /* ExtensionURL.swift */; };
		DA68F1B31F38E5D500C13634 /* LocalizableController.strings in Resources */ = {isa = PBXBuildFile; fileRef = DA68F1791F38E5D500C13634 /* LocalizableController.strings */; };
		DA68F1B41F38E5D500C13634 /* LocalizableModel.strings in Resources */ = {isa = PBXBuildFile; fileRef = DA68F17B1F38E5D500C13634 /* LocalizableModel.strings */; };
		DA68F1B51F38E5D500C13634 /* LocalizableView.strings in Resources */ = {isa = PBXBuildFile; fileRef = DA68F17D1F38E5D500C13634 /* LocalizableView.strings */; };
		DA68F1B61F38E5D500C13634 /* ResourceURL.plist in Resources */ = {isa = PBXBuildFile; fileRef = DA68F17F1F38E5D500C13634 /* ResourceURL.plist */; };
		DA68F1B71F38E5D500C13634 /* View.swift in Sources */ = {isa = PBXBuildFile; fileRef = DA68F1831F38E5D500C13634 /* View.swift */; };
		DA68F1B81F38E5D500C13634 /* ViewMain.swift in Sources */ = {isa = PBXBuildFile; fileRef = DA68F1841F38E5D500C13634 /* ViewMain.swift */; };
		DA68F1B91F38E5D500C13634 /* ViewParent.swift in Sources */ = {isa = PBXBuildFile; fileRef = DA68F1851F38E5D500C13634 /* ViewParent.swift */; };
		DA68F1BA1F38E5D500C13634 /* ViewParentTransitions.swift in Sources */ = {isa = PBXBuildFile; fileRef = DA68F1861F38E5D500C13634 /* ViewParentTransitions.swift */; };
		DA68F1BB1F38E5D500C13634 /* ViewProtocol.swift in Sources */ = {isa = PBXBuildFile; fileRef = DA68F1871F38E5D500C13634 /* ViewProtocol.swift */; };
		DA68F1BC1F38E5D500C13634 /* VAlert.swift in Sources */ = {isa = PBXBuildFile; fileRef = DA68F1891F38E5D500C13634 /* VAlert.swift */; };
		DA68F1BD1F38E5D500C13634 /* VBlur.swift in Sources */ = {isa = PBXBuildFile; fileRef = DA68F18A1F38E5D500C13634 /* VBlur.swift */; };
		DA68F1BE1F38E5D500C13634 /* VBorder.swift in Sources */ = {isa = PBXBuildFile; fileRef = DA68F18B1F38E5D500C13634 /* VBorder.swift */; };
		DA68F1BF1F38E5D500C13634 /* VCollection.swift in Sources */ = {isa = PBXBuildFile; fileRef = DA68F18C1F38E5D500C13634 /* VCollection.swift */; };
		DA68F1C01F38E5D500C13634 /* VCollectionFlow.swift in Sources */ = {isa = PBXBuildFile; fileRef = DA68F18D1F38E5D500C13634 /* VCollectionFlow.swift */; };
		DA68F1C11F38E5D500C13634 /* VGradient.swift in Sources */ = {isa = PBXBuildFile; fileRef = DA68F18E1F38E5D500C13634 /* VGradient.swift */; };
		DA68F1C21F38E5D500C13634 /* VPushBackground.swift in Sources */ = {isa = PBXBuildFile; fileRef = DA68F18F1F38E5D500C13634 /* VPushBackground.swift */; };
		DA68F1C31F38E5D500C13634 /* VSlider.swift in Sources */ = {isa = PBXBuildFile; fileRef = DA68F1901F38E5D500C13634 /* VSlider.swift */; };
		DA68F1C41F38E5D500C13634 /* VSliderBar.swift in Sources */ = {isa = PBXBuildFile; fileRef = DA68F1911F38E5D500C13634 /* VSliderBar.swift */; };
		DA68F1C51F38E5D500C13634 /* VSpinner.swift in Sources */ = {isa = PBXBuildFile; fileRef = DA68F1921F38E5D500C13634 /* VSpinner.swift */; };
		DA68F1C61F38E5D500C13634 /* VToast.swift in Sources */ = {isa = PBXBuildFile; fileRef = DA68F1931F38E5D500C13634 /* VToast.swift */; };
		DA68F1C71F38E5D500C13634 /* VHome.swift in Sources */ = {isa = PBXBuildFile; fileRef = DA68F1951F38E5D500C13634 /* VHome.swift */; };
		DA7CE8261F3F46CE0078A26B /* MHomeStrategy.swift in Sources */ = {isa = PBXBuildFile; fileRef = DA7CE8251F3F46CE0078A26B /* MHomeStrategy.swift */; };
		DA7CE8281F3F497D0078A26B /* MHomeStrategyFactory.swift in Sources */ = {isa = PBXBuildFile; fileRef = DA7CE8271F3F497D0078A26B /* MHomeStrategyFactory.swift */; };
		DA7CE83C1F3F52DE0078A26B /* VHomeActionsShare.swift in Sources */ = {isa = PBXBuildFile; fileRef = DA7CE83B1F3F52DE0078A26B /* VHomeActionsShare.swift */; };
		DA90E0BE1F40991D00A37538 /* TCHome.swift in Sources */ = {isa = PBXBuildFile; fileRef = DA90E0BD1F40991D00A37538 /* TCHome.swift */; };
		DA90E0C01F40AD3E00A37538 /* MHomeSession.swift in Sources */ = {isa = PBXBuildFile; fileRef = DA90E0BF1F40AD3E00A37538 /* MHomeSession.swift */; };
		DA90E0C21F40AE4A00A37538 /* MHomeStrategyNew.swift in Sources */ = {isa = PBXBuildFile; fileRef = DA90E0C11F40AE4A00A37538 /* MHomeStrategyNew.swift */; };
		DA90E0C41F40AE8C00A37538 /* MHomeStrategyLoading.swift in Sources */ = {isa = PBXBuildFile; fileRef = DA90E0C31F40AE8C00A37538 /* MHomeStrategyLoading.swift */; };
		DA90E0C61F40AEAC00A37538 /* MHomeStrategyLoaded.swift in Sources */ = {isa = PBXBuildFile; fileRef = DA90E0C51F40AEAC00A37538 /* MHomeStrategyLoaded.swift */; };
		DA90E0DF1F40B75800A37538 /* MGif.swift in Sources */ = {isa = PBXBuildFile; fileRef = DA90E0C81F40B75800A37538 /* MGif.swift */; };
		DA90E0E01F40B75800A37538 /* MGifLoader.swift in Sources */ = {isa = PBXBuildFile; fileRef = DA90E0C91F40B75800A37538 /* MGifLoader.swift */; };
		DA90E0E11F40B75800A37538 /* MGifStorer.swift in Sources */ = {isa = PBXBuildFile; fileRef = DA90E0CA1F40B75800A37538 /* MGifStorer.swift */; };
		DA90E0E21F40B75800A37538 /* MGifStrategy.swift in Sources */ = {isa = PBXBuildFile; fileRef = DA90E0CB1F40B75800A37538 /* MGifStrategy.swift */; };
		DA90E0E31F40B75800A37538 /* MGifStrategyDownload.swift in Sources */ = {isa = PBXBuildFile; fileRef = DA90E0CC1F40B75800A37538 /* MGifStrategyDownload.swift */; };
		DA90E0E41F40B75800A37538 /* MGifStrategyDownloadFile.swift in Sources */ = {isa = PBXBuildFile; fileRef = DA90E0CD1F40B75800A37538 /* MGifStrategyDownloadFile.swift */; };
		DA90E0E51F40B75800A37538 /* MGifStrategyDownloadRequest.swift in Sources */ = {isa = PBXBuildFile; fileRef = DA90E0CE1F40B75800A37538 /* MGifStrategyDownloadRequest.swift */; };
		DA90E0E61F40B75800A37538 /* MGifStrategyStand.swift in Sources */ = {isa = PBXBuildFile; fileRef = DA90E0CF1F40B75800A37538 /* MGifStrategyStand.swift */; };
		DA90E0E71F40B75800A37538 /* MPerk.swift in Sources */ = {isa = PBXBuildFile; fileRef = DA90E0D21F40B75800A37538 /* MPerk.swift */; };
		DA90E0E81F40B75800A37538 /* MPerkFactory.swift in Sources */ = {isa = PBXBuildFile; fileRef = DA90E0D31F40B75800A37538 /* MPerkFactory.swift */; };
		DA90E0E91F40B75800A37538 /* MPerkLoader.swift in Sources */ = {isa = PBXBuildFile; fileRef = DA90E0D41F40B75800A37538 /* MPerkLoader.swift */; };
		DA90E0EA1F40B75800A37538 /* MPerkDomainProtocol.swift in Sources */ = {isa = PBXBuildFile; fileRef = DA90E0D61F40B75800A37538 /* MPerkDomainProtocol.swift */; };
		DA90E0EB1F40B75800A37538 /* MPerkThumbnailFreeProtocol.swift in Sources */ = {isa = PBXBuildFile; fileRef = DA90E0D71F40B75800A37538 /* MPerkThumbnailFreeProtocol.swift */; };
		DA90E0EC1F40B75800A37538 /* MPerkThumbnailProtocol.swift in Sources */ = {isa = PBXBuildFile; fileRef = DA90E0D81F40B75800A37538 /* MPerkThumbnailProtocol.swift */; };
		DA90E0ED1F40B75800A37538 /* MPerkThumbnailProtocolExtension.swift in Sources */ = {isa = PBXBuildFile; fileRef = DA90E0D91F40B75800A37538 /* MPerkThumbnailProtocolExtension.swift */; };
		DA90E0EE1F40B75800A37538 /* MPerkThumbnailPurchaseProtocol.swift in Sources */ = {isa = PBXBuildFile; fileRef = DA90E0DA1F40B75800A37538 /* MPerkThumbnailPurchaseProtocol.swift */; };
		DA90E0EF1F40B75800A37538 /* MSession.swift in Sources */ = {isa = PBXBuildFile; fileRef = DA90E0DC1F40B75800A37538 /* MSession.swift */; };
		DA90E0F01F40B75800A37538 /* MSessionLoader.swift in Sources */ = {isa = PBXBuildFile; fileRef = DA90E0DD1F40B75800A37538 /* MSessionLoader.swift */; };
		DA90E0F11F40B75800A37538 /* MSessionStatus.swift in Sources */ = {isa = PBXBuildFile; fileRef = DA90E0DE1F40B75800A37538 /* MSessionStatus.swift */; };
		DA90E0F41F40B79E00A37538 /* TMSession.swift in Sources */ = {isa = PBXBuildFile; fileRef = DA90E0F31F40B79E00A37538 /* TMSession.swift */; };
		DA90E0F61F40BA7500A37538 /* TMSessionLoader.swift in Sources */ = {isa = PBXBuildFile; fileRef = DA90E0F51F40BA7500A37538 /* TMSessionLoader.swift */; };
		DAC215801F3936FA00E281DB /* MGiphy.swift in Sources */ = {isa = PBXBuildFile; fileRef = DAC2157F1F3936FA00E281DB /* MGiphy.swift */; };
		DAC215821F39372D00E281DB /* MGiphyRandom.swift in Sources */ = {isa = PBXBuildFile; fileRef = DAC215811F39372D00E281DB /* MGiphyRandom.swift */; };
		DAC215851F39378800E281DB /* MRequest.swift in Sources */ = {isa = PBXBuildFile; fileRef = DAC215841F39378800E281DB /* MRequest.swift */; };
		DACECC481F3A23C30009D933 /* spinner.xcassets in Resources */ = {isa = PBXBuildFile; fileRef = DACECC471F3A23C30009D933 /* spinner.xcassets */; };
		DAD67F191F3F56FE006E9699 /* TVHome.swift in Sources */ = {isa = PBXBuildFile; fileRef = DAD67F181F3F56FE006E9699 /* TVHome.swift */; };
		DAD67F1B1F3F5A08006E9699 /* CHomeShare.swift in Sources */ = {isa = PBXBuildFile; fileRef = DAD67F1A1F3F5A08006E9699 /* CHomeShare.swift */; };
		DAD67F1F1F3F5BC4006E9699 /* TVHomeActionsShare.swift in Sources */ = {isa = PBXBuildFile; fileRef = DAD67F1E1F3F5BC4006E9699 /* TVHomeActionsShare.swift */; };
		DAE0AF961F3AB432006449D0 /* VHomeActionsCell.swift in Sources */ = {isa = PBXBuildFile; fileRef = DAE0AF951F3AB432006449D0 /* VHomeActionsCell.swift */; };
		DAE0AF981F3AB49B006449D0 /* VHomeActions.swift in Sources */ = {isa = PBXBuildFile; fileRef = DAE0AF971F3AB49B006449D0 /* VHomeActions.swift */; };
		DAE0AF9A1F3AB6CB006449D0 /* generic.xcassets in Resources */ = {isa = PBXBuildFile; fileRef = DAE0AF991F3AB6CB006449D0 /* generic.xcassets */; };
		DAE0AFA61F3AD96B006449D0 /* MGiphyTrending.swift in Sources */ = {isa = PBXBuildFile; fileRef = DAE0AFA51F3AD96B006449D0 /* MGiphyTrending.swift */; };
		DAE0AFBF1F3BAA88006449D0 /* MGiphyItem.swift in Sources */ = {isa = PBXBuildFile; fileRef = DAE0AFBE1F3BAA88006449D0 /* MGiphyItem.swift */; };
		DAE0AFC11F3BAB16006449D0 /* MGiphyFactory.swift in Sources */ = {isa = PBXBuildFile; fileRef = DAE0AFC01F3BAB16006449D0 /* MGiphyFactory.swift */; };
		DAE0AFCD1F3BAEF9006449D0 /* MHome.swift in Sources */ = {isa = PBXBuildFile; fileRef = DAE0AFC31F3BAEF9006449D0 /* MHome.swift */; };
		DAE0AFCE1F3BAEF9006449D0 /* MHomeFactory.swift in Sources */ = {isa = PBXBuildFile; fileRef = DAE0AFC41F3BAEF9006449D0 /* MHomeFactory.swift */; };
		DAE0AFD01F3BAEF9006449D0 /* MHomeItem.swift in Sources */ = {isa = PBXBuildFile; fileRef = DAE0AFC61F3BAEF9006449D0 /* MHomeItem.swift */; };
		DAE0AFD11F3BAEF9006449D0 /* MHomeLoader.swift in Sources */ = {isa = PBXBuildFile; fileRef = DAE0AFC71F3BAEF9006449D0 /* MHomeLoader.swift */; };
		DAE0AFD21F3BAEF9006449D0 /* MHomeActionHate.swift in Sources */ = {isa = PBXBuildFile; fileRef = DAE0AFC91F3BAEF9006449D0 /* MHomeActionHate.swift */; };
		DAE0AFD31F3BAEF9006449D0 /* MHomeActionLike.swift in Sources */ = {isa = PBXBuildFile; fileRef = DAE0AFCA1F3BAEF9006449D0 /* MHomeActionLike.swift */; };
		DAE0AFD41F3BAEF9006449D0 /* MHomeActionMeh.swift in Sources */ = {isa = PBXBuildFile; fileRef = DAE0AFCB1F3BAEF9006449D0 /* MHomeActionMeh.swift */; };
		DAE0AFD51F3BAEF9006449D0 /* MHomeActionProtocol.swift in Sources */ = {isa = PBXBuildFile; fileRef = DAE0AFCC1F3BAEF9006449D0 /* MHomeActionProtocol.swift */; };
		DAE0AFD71F3BAF20006449D0 /* MHomeRequest.swift in Sources */ = {isa = PBXBuildFile; fileRef = DAE0AFD61F3BAF20006449D0 /* MHomeRequest.swift */; };
		DAF0458A1F3903780003C2EF /* VHomeBar.swift in Sources */ = {isa = PBXBuildFile; fileRef = DAF045891F3903780003C2EF /* VHomeBar.swift */; };
		DAF0458C1F3908160003C2EF /* VHomeDisplay.swift in Sources */ = {isa = PBXBuildFile; fileRef = DAF0458B1F3908160003C2EF /* VHomeDisplay.swift */; };
		DAF045941F392C520003C2EF /* ExtensionURLResponse.swift in Sources */ = {isa = PBXBuildFile; fileRef = DAF045931F392C520003C2EF /* ExtensionURLResponse.swift */; };
		DAF1C1141F3947A300820417 /* ExtensionData.swift in Sources */ = {isa = PBXBuildFile; fileRef = DAF1C1131F3947A300820417 /* ExtensionData.swift */; };
/* End PBXBuildFile section */

/* Begin PBXContainerItemProxy section */
		DA7CE8461F3F53DB0078A26B /* PBXContainerItemProxy */ = {
			isa = PBXContainerItemProxy;
			containerPortal = DA39E7721F38E3F90001CA28 /* Project object */;
			proxyType = 1;
			remoteGlobalIDString = DA39E7791F38E3F90001CA28;
			remoteInfo = gattaca;
		};
		DA7CE8541F3F544C0078A26B /* PBXContainerItemProxy */ = {
			isa = PBXContainerItemProxy;
			containerPortal = DA39E7721F38E3F90001CA28 /* Project object */;
			proxyType = 1;
			remoteGlobalIDString = DA39E7791F38E3F90001CA28;
			remoteInfo = gattaca;
		};
/* End PBXContainerItemProxy section */

/* Begin PBXFileReference section */
		9FB0C4F89BF859D73B9AE9D3 /* Pods-gattaca.release.xcconfig */ = {isa = PBXFileReference; includeInIndex = 1; lastKnownFileType = text.xcconfig; name = "Pods-gattaca.release.xcconfig"; path = "Pods/Target Support Files/Pods-gattaca/Pods-gattaca.release.xcconfig"; sourceTree = "<group>"; };
		A4EB7DE9DB31C7535E0A58A4 /* Pods_gattaca.framework */ = {isa = PBXFileReference; explicitFileType = wrapper.framework; includeInIndex = 0; path = Pods_gattaca.framework; sourceTree = BUILT_PRODUCTS_DIR; };
		DA32853F5411186959D91314 /* Pods-gattaca.debug.xcconfig */ = {isa = PBXFileReference; includeInIndex = 1; lastKnownFileType = text.xcconfig; name = "Pods-gattaca.debug.xcconfig"; path = "Pods/Target Support Files/Pods-gattaca/Pods-gattaca.debug.xcconfig"; sourceTree = "<group>"; };
		DA3475C91F3DD2B00035C5CB /* MHomeDownloadGif.swift */ = {isa = PBXFileReference; fileEncoding = 4; lastKnownFileType = sourcecode.swift; path = MHomeDownloadGif.swift; sourceTree = "<group>"; };
		DA39E77A1F38E3F90001CA28 /* gattaca.app */ = {isa = PBXFileReference; explicitFileType = wrapper.application; includeInIndex = 0; path = gattaca.app; sourceTree = BUILT_PRODUCTS_DIR; };
		DA39E7891F38E3F90001CA28 /* Info.plist */ = {isa = PBXFileReference; lastKnownFileType = text.plist.xml; path = Info.plist; sourceTree = "<group>"; };
		DA68A27E1F408A350094BC9B /* DGifExtension.swift */ = {isa = PBXFileReference; fileEncoding = 4; lastKnownFileType = sourcecode.swift; path = DGifExtension.swift; sourceTree = "<group>"; };
		DA68A27F1F408A350094BC9B /* DGifExtensionDirectory.swift */ = {isa = PBXFileReference; fileEncoding = 4; lastKnownFileType = sourcecode.swift; path = DGifExtensionDirectory.swift; sourceTree = "<group>"; };
		DA68A2801F408A350094BC9B /* DSettingsExtension.swift */ = {isa = PBXFileReference; fileEncoding = 4; lastKnownFileType = sourcecode.swift; path = DSettingsExtension.swift; sourceTree = "<group>"; };
		DA68A2821F408A350094BC9B /* DManager.swift */ = {isa = PBXFileReference; fileEncoding = 4; lastKnownFileType = sourcecode.swift; path = DManager.swift; sourceTree = "<group>"; };
		DA68A2851F408A350094BC9B /* DGattaca.xcdatamodel */ = {isa = PBXFileReference; lastKnownFileType = wrapper.xcdatamodel; path = DGattaca.xcdatamodel; sourceTree = "<group>"; };
		DA68A28B1F408B230094BC9B /* DManagerFactory.swift */ = {isa = PBXFileReference; fileEncoding = 4; lastKnownFileType = sourcecode.swift; path = DManagerFactory.swift; sourceTree = "<group>"; };
		DA68F14F1F38E5D500C13634 /* AppDelegate.swift */ = {isa = PBXFileReference; fileEncoding = 4; lastKnownFileType = sourcecode.swift; path = AppDelegate.swift; sourceTree = "<group>"; };
		DA68F1501F38E5D500C13634 /* Controller.swift */ = {isa = PBXFileReference; fileEncoding = 4; lastKnownFileType = sourcecode.swift; path = Controller.swift; sourceTree = "<group>"; };
		DA68F1511F38E5D500C13634 /* ControllerParent.swift */ = {isa = PBXFileReference; fileEncoding = 4; lastKnownFileType = sourcecode.swift; path = ControllerParent.swift; sourceTree = "<group>"; };
		DA68F1521F38E5D500C13634 /* ControllerParentTransitions.swift */ = {isa = PBXFileReference; fileEncoding = 4; lastKnownFileType = sourcecode.swift; path = ControllerParentTransitions.swift; sourceTree = "<group>"; };
		DA68F1541F38E5D500C13634 /* CHome.swift */ = {isa = PBXFileReference; fileEncoding = 4; lastKnownFileType = sourcecode.swift; path = CHome.swift; sourceTree = "<group>"; };
		DA68F1571F38E5D500C13634 /* Model.swift */ = {isa = PBXFileReference; fileEncoding = 4; lastKnownFileType = sourcecode.swift; path = Model.swift; sourceTree = "<group>"; };
		DA68F1581F38E5D500C13634 /* ModelDelegate.swift */ = {isa = PBXFileReference; fileEncoding = 4; lastKnownFileType = sourcecode.swift; path = ModelDelegate.swift; sourceTree = "<group>"; };
		DA68F1691F38E5D500C13634 /* LaunchScreen.storyboard */ = {isa = PBXFileReference; fileEncoding = 4; lastKnownFileType = file.storyboard; path = LaunchScreen.storyboard; sourceTree = "<group>"; };
		DA68F16D1F38E5D500C13634 /* ExtensionCGImage.swift */ = {isa = PBXFileReference; fileEncoding = 4; lastKnownFileType = sourcecode.swift; path = ExtensionCGImage.swift; sourceTree = "<group>"; };
		DA68F16E1F38E5D500C13634 /* ExtensionDictionary.swift */ = {isa = PBXFileReference; fileEncoding = 4; lastKnownFileType = sourcecode.swift; path = ExtensionDictionary.swift; sourceTree = "<group>"; };
		DA68F16F1F38E5D500C13634 /* ExtensionFileManager.swift */ = {isa = PBXFileReference; fileEncoding = 4; lastKnownFileType = sourcecode.swift; path = ExtensionFileManager.swift; sourceTree = "<group>"; };
		DA68F1701F38E5D500C13634 /* ExtensionNotification.swift */ = {isa = PBXFileReference; fileEncoding = 4; lastKnownFileType = sourcecode.swift; path = ExtensionNotification.swift; sourceTree = "<group>"; };
		DA68F1711F38E5D500C13634 /* ExtensionNSLayoutConstraint.swift */ = {isa = PBXFileReference; fileEncoding = 4; lastKnownFileType = sourcecode.swift; path = ExtensionNSLayoutConstraint.swift; sourceTree = "<group>"; };
		DA68F1721F38E5D500C13634 /* ExtensionNSManagedObject.swift */ = {isa = PBXFileReference; fileEncoding = 4; lastKnownFileType = sourcecode.swift; path = ExtensionNSManagedObject.swift; sourceTree = "<group>"; };
		DA68F1731F38E5D500C13634 /* ExtensionString.swift */ = {isa = PBXFileReference; fileEncoding = 4; lastKnownFileType = sourcecode.swift; path = ExtensionString.swift; sourceTree = "<group>"; };
		DA68F1741F38E5D500C13634 /* ExtensionUICollectionReusableView.swift */ = {isa = PBXFileReference; fileEncoding = 4; lastKnownFileType = sourcecode.swift; path = ExtensionUICollectionReusableView.swift; sourceTree = "<group>"; };
		DA68F1751F38E5D500C13634 /* ExtensionUIColor.swift */ = {isa = PBXFileReference; fileEncoding = 4; lastKnownFileType = sourcecode.swift; path = ExtensionUIColor.swift; sourceTree = "<group>"; };
		DA68F1761F38E5D500C13634 /* ExtensionUIFont.swift */ = {isa = PBXFileReference; fileEncoding = 4; lastKnownFileType = sourcecode.swift; path = ExtensionUIFont.swift; sourceTree = "<group>"; };
		DA68F1771F38E5D500C13634 /* ExtensionURL.swift */ = {isa = PBXFileReference; fileEncoding = 4; lastKnownFileType = sourcecode.swift; path = ExtensionURL.swift; sourceTree = "<group>"; };
		DA68F17A1F38E5D500C13634 /* en */ = {isa = PBXFileReference; lastKnownFileType = text.plist.strings; name = en; path = en.lproj/LocalizableController.strings; sourceTree = "<group>"; };
		DA68F17C1F38E5D500C13634 /* en */ = {isa = PBXFileReference; lastKnownFileType = text.plist.strings; name = en; path = en.lproj/LocalizableModel.strings; sourceTree = "<group>"; };
		DA68F17E1F38E5D500C13634 /* en */ = {isa = PBXFileReference; lastKnownFileType = text.plist.strings; name = en; path = en.lproj/LocalizableView.strings; sourceTree = "<group>"; };
		DA68F17F1F38E5D500C13634 /* ResourceURL.plist */ = {isa = PBXFileReference; fileEncoding = 4; lastKnownFileType = text.plist.xml; path = ResourceURL.plist; sourceTree = "<group>"; };
		DA68F1831F38E5D500C13634 /* View.swift */ = {isa = PBXFileReference; fileEncoding = 4; lastKnownFileType = sourcecode.swift; path = View.swift; sourceTree = "<group>"; };
		DA68F1841F38E5D500C13634 /* ViewMain.swift */ = {isa = PBXFileReference; fileEncoding = 4; lastKnownFileType = sourcecode.swift; path = ViewMain.swift; sourceTree = "<group>"; };
		DA68F1851F38E5D500C13634 /* ViewParent.swift */ = {isa = PBXFileReference; fileEncoding = 4; lastKnownFileType = sourcecode.swift; path = ViewParent.swift; sourceTree = "<group>"; };
		DA68F1861F38E5D500C13634 /* ViewParentTransitions.swift */ = {isa = PBXFileReference; fileEncoding = 4; lastKnownFileType = sourcecode.swift; path = ViewParentTransitions.swift; sourceTree = "<group>"; };
		DA68F1871F38E5D500C13634 /* ViewProtocol.swift */ = {isa = PBXFileReference; fileEncoding = 4; lastKnownFileType = sourcecode.swift; path = ViewProtocol.swift; sourceTree = "<group>"; };
		DA68F1891F38E5D500C13634 /* VAlert.swift */ = {isa = PBXFileReference; fileEncoding = 4; lastKnownFileType = sourcecode.swift; path = VAlert.swift; sourceTree = "<group>"; };
		DA68F18A1F38E5D500C13634 /* VBlur.swift */ = {isa = PBXFileReference; fileEncoding = 4; lastKnownFileType = sourcecode.swift; path = VBlur.swift; sourceTree = "<group>"; };
		DA68F18B1F38E5D500C13634 /* VBorder.swift */ = {isa = PBXFileReference; fileEncoding = 4; lastKnownFileType = sourcecode.swift; path = VBorder.swift; sourceTree = "<group>"; };
		DA68F18C1F38E5D500C13634 /* VCollection.swift */ = {isa = PBXFileReference; fileEncoding = 4; lastKnownFileType = sourcecode.swift; path = VCollection.swift; sourceTree = "<group>"; };
		DA68F18D1F38E5D500C13634 /* VCollectionFlow.swift */ = {isa = PBXFileReference; fileEncoding = 4; lastKnownFileType = sourcecode.swift; path = VCollectionFlow.swift; sourceTree = "<group>"; };
		DA68F18E1F38E5D500C13634 /* VGradient.swift */ = {isa = PBXFileReference; fileEncoding = 4; lastKnownFileType = sourcecode.swift; path = VGradient.swift; sourceTree = "<group>"; };
		DA68F18F1F38E5D500C13634 /* VPushBackground.swift */ = {isa = PBXFileReference; fileEncoding = 4; lastKnownFileType = sourcecode.swift; path = VPushBackground.swift; sourceTree = "<group>"; };
		DA68F1901F38E5D500C13634 /* VSlider.swift */ = {isa = PBXFileReference; fileEncoding = 4; lastKnownFileType = sourcecode.swift; path = VSlider.swift; sourceTree = "<group>"; };
		DA68F1911F38E5D500C13634 /* VSliderBar.swift */ = {isa = PBXFileReference; fileEncoding = 4; lastKnownFileType = sourcecode.swift; path = VSliderBar.swift; sourceTree = "<group>"; };
		DA68F1921F38E5D500C13634 /* VSpinner.swift */ = {isa = PBXFileReference; fileEncoding = 4; lastKnownFileType = sourcecode.swift; path = VSpinner.swift; sourceTree = "<group>"; };
		DA68F1931F38E5D500C13634 /* VToast.swift */ = {isa = PBXFileReference; fileEncoding = 4; lastKnownFileType = sourcecode.swift; path = VToast.swift; sourceTree = "<group>"; };
		DA68F1951F38E5D500C13634 /* VHome.swift */ = {isa = PBXFileReference; fileEncoding = 4; lastKnownFileType = sourcecode.swift; path = VHome.swift; sourceTree = "<group>"; };
		DA7CE8251F3F46CE0078A26B /* MHomeStrategy.swift */ = {isa = PBXFileReference; fileEncoding = 4; lastKnownFileType = sourcecode.swift; path = MHomeStrategy.swift; sourceTree = "<group>"; };
		DA7CE8271F3F497D0078A26B /* MHomeStrategyFactory.swift */ = {isa = PBXFileReference; fileEncoding = 4; lastKnownFileType = sourcecode.swift; path = MHomeStrategyFactory.swift; sourceTree = "<group>"; };
		DA7CE83B1F3F52DE0078A26B /* VHomeActionsShare.swift */ = {isa = PBXFileReference; fileEncoding = 4; lastKnownFileType = sourcecode.swift; path = VHomeActionsShare.swift; sourceTree = "<group>"; };
		DA7CE8411F3F53DB0078A26B /* UnitTests.xctest */ = {isa = PBXFileReference; explicitFileType = wrapper.cfbundle; includeInIndex = 0; path = UnitTests.xctest; sourceTree = BUILT_PRODUCTS_DIR; };
		DA7CE8451F3F53DB0078A26B /* Info.plist */ = {isa = PBXFileReference; lastKnownFileType = text.plist.xml; path = Info.plist; sourceTree = "<group>"; };
		DA7CE84F1F3F544C0078A26B /* UITests.xctest */ = {isa = PBXFileReference; explicitFileType = wrapper.cfbundle; includeInIndex = 0; path = UITests.xctest; sourceTree = BUILT_PRODUCTS_DIR; };
		DA7CE8531F3F544C0078A26B /* Info.plist */ = {isa = PBXFileReference; lastKnownFileType = text.plist.xml; path = Info.plist; sourceTree = "<group>"; };
		DA90E0BD1F40991D00A37538 /* TCHome.swift */ = {isa = PBXFileReference; fileEncoding = 4; lastKnownFileType = sourcecode.swift; path = TCHome.swift; sourceTree = "<group>"; };
		DA90E0BF1F40AD3E00A37538 /* MHomeSession.swift */ = {isa = PBXFileReference; fileEncoding = 4; lastKnownFileType = sourcecode.swift; path = MHomeSession.swift; sourceTree = "<group>"; };
		DA90E0C11F40AE4A00A37538 /* MHomeStrategyNew.swift */ = {isa = PBXFileReference; fileEncoding = 4; lastKnownFileType = sourcecode.swift; path = MHomeStrategyNew.swift; sourceTree = "<group>"; };
		DA90E0C31F40AE8C00A37538 /* MHomeStrategyLoading.swift */ = {isa = PBXFileReference; fileEncoding = 4; lastKnownFileType = sourcecode.swift; path = MHomeStrategyLoading.swift; sourceTree = "<group>"; };
		DA90E0C51F40AEAC00A37538 /* MHomeStrategyLoaded.swift */ = {isa = PBXFileReference; fileEncoding = 4; lastKnownFileType = sourcecode.swift; path = MHomeStrategyLoaded.swift; sourceTree = "<group>"; };
		DA90E0C81F40B75800A37538 /* MGif.swift */ = {isa = PBXFileReference; fileEncoding = 4; lastKnownFileType = sourcecode.swift; path = MGif.swift; sourceTree = "<group>"; };
		DA90E0C91F40B75800A37538 /* MGifLoader.swift */ = {isa = PBXFileReference; fileEncoding = 4; lastKnownFileType = sourcecode.swift; path = MGifLoader.swift; sourceTree = "<group>"; };
		DA90E0CA1F40B75800A37538 /* MGifStorer.swift */ = {isa = PBXFileReference; fileEncoding = 4; lastKnownFileType = sourcecode.swift; path = MGifStorer.swift; sourceTree = "<group>"; };
		DA90E0CB1F40B75800A37538 /* MGifStrategy.swift */ = {isa = PBXFileReference; fileEncoding = 4; lastKnownFileType = sourcecode.swift; path = MGifStrategy.swift; sourceTree = "<group>"; };
		DA90E0CC1F40B75800A37538 /* MGifStrategyDownload.swift */ = {isa = PBXFileReference; fileEncoding = 4; lastKnownFileType = sourcecode.swift; path = MGifStrategyDownload.swift; sourceTree = "<group>"; };
		DA90E0CD1F40B75800A37538 /* MGifStrategyDownloadFile.swift */ = {isa = PBXFileReference; fileEncoding = 4; lastKnownFileType = sourcecode.swift; path = MGifStrategyDownloadFile.swift; sourceTree = "<group>"; };
		DA90E0CE1F40B75800A37538 /* MGifStrategyDownloadRequest.swift */ = {isa = PBXFileReference; fileEncoding = 4; lastKnownFileType = sourcecode.swift; path = MGifStrategyDownloadRequest.swift; sourceTree = "<group>"; };
		DA90E0CF1F40B75800A37538 /* MGifStrategyStand.swift */ = {isa = PBXFileReference; fileEncoding = 4; lastKnownFileType = sourcecode.swift; path = MGifStrategyStand.swift; sourceTree = "<group>"; };
		DA90E0D21F40B75800A37538 /* MPerk.swift */ = {isa = PBXFileReference; fileEncoding = 4; lastKnownFileType = sourcecode.swift; path = MPerk.swift; sourceTree = "<group>"; };
		DA90E0D31F40B75800A37538 /* MPerkFactory.swift */ = {isa = PBXFileReference; fileEncoding = 4; lastKnownFileType = sourcecode.swift; path = MPerkFactory.swift; sourceTree = "<group>"; };
		DA90E0D41F40B75800A37538 /* MPerkLoader.swift */ = {isa = PBXFileReference; fileEncoding = 4; lastKnownFileType = sourcecode.swift; path = MPerkLoader.swift; sourceTree = "<group>"; };
		DA90E0D61F40B75800A37538 /* MPerkDomainProtocol.swift */ = {isa = PBXFileReference; fileEncoding = 4; lastKnownFileType = sourcecode.swift; path = MPerkDomainProtocol.swift; sourceTree = "<group>"; };
		DA90E0D71F40B75800A37538 /* MPerkThumbnailFreeProtocol.swift */ = {isa = PBXFileReference; fileEncoding = 4; lastKnownFileType = sourcecode.swift; path = MPerkThumbnailFreeProtocol.swift; sourceTree = "<group>"; };
		DA90E0D81F40B75800A37538 /* MPerkThumbnailProtocol.swift */ = {isa = PBXFileReference; fileEncoding = 4; lastKnownFileType = sourcecode.swift; path = MPerkThumbnailProtocol.swift; sourceTree = "<group>"; };
		DA90E0D91F40B75800A37538 /* MPerkThumbnailProtocolExtension.swift */ = {isa = PBXFileReference; fileEncoding = 4; lastKnownFileType = sourcecode.swift; path = MPerkThumbnailProtocolExtension.swift; sourceTree = "<group>"; };
		DA90E0DA1F40B75800A37538 /* MPerkThumbnailPurchaseProtocol.swift */ = {isa = PBXFileReference; fileEncoding = 4; lastKnownFileType = sourcecode.swift; path = MPerkThumbnailPurchaseProtocol.swift; sourceTree = "<group>"; };
		DA90E0DC1F40B75800A37538 /* MSession.swift */ = {isa = PBXFileReference; fileEncoding = 4; lastKnownFileType = sourcecode.swift; path = MSession.swift; sourceTree = "<group>"; };
		DA90E0DD1F40B75800A37538 /* MSessionLoader.swift */ = {isa = PBXFileReference; fileEncoding = 4; lastKnownFileType = sourcecode.swift; path = MSessionLoader.swift; sourceTree = "<group>"; };
		DA90E0DE1F40B75800A37538 /* MSessionStatus.swift */ = {isa = PBXFileReference; fileEncoding = 4; lastKnownFileType = sourcecode.swift; path = MSessionStatus.swift; sourceTree = "<group>"; };
		DA90E0F31F40B79E00A37538 /* TMSession.swift */ = {isa = PBXFileReference; fileEncoding = 4; lastKnownFileType = sourcecode.swift; path = TMSession.swift; sourceTree = "<group>"; };
		DA90E0F51F40BA7500A37538 /* TMSessionLoader.swift */ = {isa = PBXFileReference; fileEncoding = 4; lastKnownFileType = sourcecode.swift; path = TMSessionLoader.swift; sourceTree = "<group>"; };
		DAC2157F1F3936FA00E281DB /* MGiphy.swift */ = {isa = PBXFileReference; fileEncoding = 4; lastKnownFileType = sourcecode.swift; path = MGiphy.swift; sourceTree = "<group>"; };
		DAC215811F39372D00E281DB /* MGiphyRandom.swift */ = {isa = PBXFileReference; fileEncoding = 4; lastKnownFileType = sourcecode.swift; path = MGiphyRandom.swift; sourceTree = "<group>"; };
		DAC215841F39378800E281DB /* MRequest.swift */ = {isa = PBXFileReference; fileEncoding = 4; lastKnownFileType = sourcecode.swift; path = MRequest.swift; sourceTree = "<group>"; };
		DACECC471F3A23C30009D933 /* spinner.xcassets */ = {isa = PBXFileReference; lastKnownFileType = folder.assetcatalog; path = spinner.xcassets; sourceTree = "<group>"; };
		DAD67F181F3F56FE006E9699 /* TVHome.swift */ = {isa = PBXFileReference; fileEncoding = 4; lastKnownFileType = sourcecode.swift; path = TVHome.swift; sourceTree = "<group>"; };
		DAD67F1A1F3F5A08006E9699 /* CHomeShare.swift */ = {isa = PBXFileReference; fileEncoding = 4; lastKnownFileType = sourcecode.swift; path = CHomeShare.swift; sourceTree = "<group>"; };
		DAD67F1E1F3F5BC4006E9699 /* TVHomeActionsShare.swift */ = {isa = PBXFileReference; fileEncoding = 4; lastKnownFileType = sourcecode.swift; path = TVHomeActionsShare.swift; sourceTree = "<group>"; };
		DAE0AF951F3AB432006449D0 /* VHomeActionsCell.swift */ = {isa = PBXFileReference; fileEncoding = 4; lastKnownFileType = sourcecode.swift; path = VHomeActionsCell.swift; sourceTree = "<group>"; };
		DAE0AF971F3AB49B006449D0 /* VHomeActions.swift */ = {isa = PBXFileReference; fileEncoding = 4; lastKnownFileType = sourcecode.swift; path = VHomeActions.swift; sourceTree = "<group>"; };
		DAE0AF991F3AB6CB006449D0 /* generic.xcassets */ = {isa = PBXFileReference; lastKnownFileType = folder.assetcatalog; path = generic.xcassets; sourceTree = "<group>"; };
		DAE0AFA51F3AD96B006449D0 /* MGiphyTrending.swift */ = {isa = PBXFileReference; fileEncoding = 4; lastKnownFileType = sourcecode.swift; path = MGiphyTrending.swift; sourceTree = "<group>"; };
		DAE0AFBE1F3BAA88006449D0 /* MGiphyItem.swift */ = {isa = PBXFileReference; fileEncoding = 4; lastKnownFileType = sourcecode.swift; path = MGiphyItem.swift; sourceTree = "<group>"; };
		DAE0AFC01F3BAB16006449D0 /* MGiphyFactory.swift */ = {isa = PBXFileReference; fileEncoding = 4; lastKnownFileType = sourcecode.swift; path = MGiphyFactory.swift; sourceTree = "<group>"; };
		DAE0AFC31F3BAEF9006449D0 /* MHome.swift */ = {isa = PBXFileReference; fileEncoding = 4; lastKnownFileType = sourcecode.swift; path = MHome.swift; sourceTree = "<group>"; };
		DAE0AFC41F3BAEF9006449D0 /* MHomeFactory.swift */ = {isa = PBXFileReference; fileEncoding = 4; lastKnownFileType = sourcecode.swift; path = MHomeFactory.swift; sourceTree = "<group>"; };
		DAE0AFC61F3BAEF9006449D0 /* MHomeItem.swift */ = {isa = PBXFileReference; fileEncoding = 4; lastKnownFileType = sourcecode.swift; path = MHomeItem.swift; sourceTree = "<group>"; };
		DAE0AFC71F3BAEF9006449D0 /* MHomeLoader.swift */ = {isa = PBXFileReference; fileEncoding = 4; lastKnownFileType = sourcecode.swift; path = MHomeLoader.swift; sourceTree = "<group>"; };
		DAE0AFC91F3BAEF9006449D0 /* MHomeActionHate.swift */ = {isa = PBXFileReference; fileEncoding = 4; lastKnownFileType = sourcecode.swift; path = MHomeActionHate.swift; sourceTree = "<group>"; };
		DAE0AFCA1F3BAEF9006449D0 /* MHomeActionLike.swift */ = {isa = PBXFileReference; fileEncoding = 4; lastKnownFileType = sourcecode.swift; path = MHomeActionLike.swift; sourceTree = "<group>"; };
		DAE0AFCB1F3BAEF9006449D0 /* MHomeActionMeh.swift */ = {isa = PBXFileReference; fileEncoding = 4; lastKnownFileType = sourcecode.swift; path = MHomeActionMeh.swift; sourceTree = "<group>"; };
		DAE0AFCC1F3BAEF9006449D0 /* MHomeActionProtocol.swift */ = {isa = PBXFileReference; fileEncoding = 4; lastKnownFileType = sourcecode.swift; path = MHomeActionProtocol.swift; sourceTree = "<group>"; };
		DAE0AFD61F3BAF20006449D0 /* MHomeRequest.swift */ = {isa = PBXFileReference; fileEncoding = 4; lastKnownFileType = sourcecode.swift; path = MHomeRequest.swift; sourceTree = "<group>"; };
		DAF045891F3903780003C2EF /* VHomeBar.swift */ = {isa = PBXFileReference; fileEncoding = 4; lastKnownFileType = sourcecode.swift; path = VHomeBar.swift; sourceTree = "<group>"; };
		DAF0458B1F3908160003C2EF /* VHomeDisplay.swift */ = {isa = PBXFileReference; fileEncoding = 4; lastKnownFileType = sourcecode.swift; path = VHomeDisplay.swift; sourceTree = "<group>"; };
		DAF045931F392C520003C2EF /* ExtensionURLResponse.swift */ = {isa = PBXFileReference; fileEncoding = 4; lastKnownFileType = sourcecode.swift; path = ExtensionURLResponse.swift; sourceTree = "<group>"; };
		DAF1C1131F3947A300820417 /* ExtensionData.swift */ = {isa = PBXFileReference; fileEncoding = 4; lastKnownFileType = sourcecode.swift; path = ExtensionData.swift; sourceTree = "<group>"; };
/* End PBXFileReference section */

/* Begin PBXFrameworksBuildPhase section */
		DA39E7771F38E3F90001CA28 /* Frameworks */ = {
			isa = PBXFrameworksBuildPhase;
			buildActionMask = 2147483647;
			files = (
				0FEFAB51E60F2A75275A558B /* Pods_gattaca.framework in Frameworks */,
			);
			runOnlyForDeploymentPostprocessing = 0;
		};
		DA7CE83E1F3F53DB0078A26B /* Frameworks */ = {
			isa = PBXFrameworksBuildPhase;
			buildActionMask = 2147483647;
			files = (
			);
			runOnlyForDeploymentPostprocessing = 0;
		};
		DA7CE84C1F3F544C0078A26B /* Frameworks */ = {
			isa = PBXFrameworksBuildPhase;
			buildActionMask = 2147483647;
			files = (
			);
			runOnlyForDeploymentPostprocessing = 0;
		};
/* End PBXFrameworksBuildPhase section */

/* Begin PBXGroup section */
		25A226865CD26CE574FD985D /* Pods */ = {
			isa = PBXGroup;
			children = (
				DA32853F5411186959D91314 /* Pods-gattaca.debug.xcconfig */,
				9FB0C4F89BF859D73B9AE9D3 /* Pods-gattaca.release.xcconfig */,
			);
			name = Pods;
			sourceTree = "<group>";
		};
		4138065C43E7C9ECF6B995E7 /* Frameworks */ = {
			isa = PBXGroup;
			children = (
				A4EB7DE9DB31C7535E0A58A4 /* Pods_gattaca.framework */,
			);
			name = Frameworks;
			sourceTree = "<group>";
		};
		DA39E7711F38E3F90001CA28 = {
			isa = PBXGroup;
			children = (
				DA39E77C1F38E3F90001CA28 /* gattaca */,
				DA7CE8421F3F53DB0078A26B /* UnitTests */,
				DA7CE8501F3F544C0078A26B /* UITests */,
				DA39E77B1F38E3F90001CA28 /* Products */,
				25A226865CD26CE574FD985D /* Pods */,
				4138065C43E7C9ECF6B995E7 /* Frameworks */,
			);
			sourceTree = "<group>";
		};
		DA39E77B1F38E3F90001CA28 /* Products */ = {
			isa = PBXGroup;
			children = (
				DA39E77A1F38E3F90001CA28 /* gattaca.app */,
				DA7CE8411F3F53DB0078A26B /* UnitTests.xctest */,
				DA7CE84F1F3F544C0078A26B /* UITests.xctest */,
			);
			name = Products;
			sourceTree = "<group>";
		};
		DA39E77C1F38E3F90001CA28 /* gattaca */ = {
			isa = PBXGroup;
			children = (
				DA68F14D1F38E5D500C13634 /* Controller */,
				DA68F1551F38E5D500C13634 /* Model */,
				DA68F1801F38E5D500C13634 /* View */,
				DA68F1671F38E5D500C13634 /* Support */,
				DA39E7891F38E3F90001CA28 /* Info.plist */,
			);
			path = gattaca;
			sourceTree = "<group>";
		};
		DA68A27D1F408A350094BC9B /* Extension */ = {
			isa = PBXGroup;
			children = (
				DA68A27E1F408A350094BC9B /* DGifExtension.swift */,
				DA68A27F1F408A350094BC9B /* DGifExtensionDirectory.swift */,
				DA68A2801F408A350094BC9B /* DSettingsExtension.swift */,
			);
			path = Extension;
			sourceTree = "<group>";
		};
		DA68A2811F408A350094BC9B /* Manager */ = {
			isa = PBXGroup;
			children = (
				DA68A2821F408A350094BC9B /* DManager.swift */,
				DA68A28B1F408B230094BC9B /* DManagerFactory.swift */,
			);
			path = Manager;
			sourceTree = "<group>";
		};
		DA68A2831F408A350094BC9B /* Model */ = {
			isa = PBXGroup;
			children = (
				DA68A2841F408A350094BC9B /* DGattaca.xcdatamodeld */,
			);
			path = Model;
			sourceTree = "<group>";
		};
		DA68F14D1F38E5D500C13634 /* Controller */ = {
			isa = PBXGroup;
			children = (
				DA68F14E1F38E5D500C13634 /* Abstract */,
				DA68F1531F38E5D500C13634 /* Home */,
			);
			path = Controller;
			sourceTree = "<group>";
		};
		DA68F14E1F38E5D500C13634 /* Abstract */ = {
			isa = PBXGroup;
			children = (
				DA68F14F1F38E5D500C13634 /* AppDelegate.swift */,
				DA68F1501F38E5D500C13634 /* Controller.swift */,
				DA68F1511F38E5D500C13634 /* ControllerParent.swift */,
				DA68F1521F38E5D500C13634 /* ControllerParentTransitions.swift */,
			);
			path = Abstract;
			sourceTree = "<group>";
		};
		DA68F1531F38E5D500C13634 /* Home */ = {
			isa = PBXGroup;
			children = (
				DA68F1541F38E5D500C13634 /* CHome.swift */,
				DAD67F1A1F3F5A08006E9699 /* CHomeShare.swift */,
			);
			path = Home;
			sourceTree = "<group>";
		};
		DA68F1551F38E5D500C13634 /* Model */ = {
			isa = PBXGroup;
			children = (
				DA68F1561F38E5D500C13634 /* Abstract */,
				DA90E0DB1F40B75800A37538 /* Session */,
				DA90E0C71F40B75800A37538 /* Gif */,
				DA90E0D01F40B75800A37538 /* Perk */,
				DAC215831F39377500E281DB /* Request */,
				DAC2157E1F3936EE00E281DB /* Giphy */,
				DA68F1591F38E5D500C13634 /* Home */,
			);
			path = Model;
			sourceTree = "<group>";
		};
		DA68F1561F38E5D500C13634 /* Abstract */ = {
			isa = PBXGroup;
			children = (
				DA68F1571F38E5D500C13634 /* Model.swift */,
				DA68F1581F38E5D500C13634 /* ModelDelegate.swift */,
			);
			path = Abstract;
			sourceTree = "<group>";
		};
		DA68F1591F38E5D500C13634 /* Home */ = {
			isa = PBXGroup;
			children = (
				DAE0AFC21F3BAEF9006449D0 /* Abstract */,
				DAE0AFC81F3BAEF9006449D0 /* Action */,
				DA7CE8241F3F43ED0078A26B /* Strategy */,
			);
			path = Home;
			sourceTree = "<group>";
		};
		DA68F1671F38E5D500C13634 /* Support */ = {
			isa = PBXGroup;
			children = (
				DA68F1681F38E5D500C13634 /* Assets */,
				DA68F16A1F38E5D500C13634 /* Data */,
				DA68F16C1F38E5D500C13634 /* Extensions */,
				DA68F1781F38E5D500C13634 /* Resource */,
			);
			path = Support;
			sourceTree = "<group>";
		};
		DA68F1681F38E5D500C13634 /* Assets */ = {
			isa = PBXGroup;
			children = (
				DA68F1691F38E5D500C13634 /* LaunchScreen.storyboard */,
				DACECC471F3A23C30009D933 /* spinner.xcassets */,
				DAE0AF991F3AB6CB006449D0 /* generic.xcassets */,
			);
			path = Assets;
			sourceTree = "<group>";
		};
		DA68F16A1F38E5D500C13634 /* Data */ = {
			isa = PBXGroup;
			children = (
				DA68A27D1F408A350094BC9B /* Extension */,
				DA68A2811F408A350094BC9B /* Manager */,
				DA68A2831F408A350094BC9B /* Model */,
			);
			path = Data;
			sourceTree = "<group>";
		};
		DA68F16C1F38E5D500C13634 /* Extensions */ = {
			isa = PBXGroup;
			children = (
				DA68F16D1F38E5D500C13634 /* ExtensionCGImage.swift */,
				DA68F16E1F38E5D500C13634 /* ExtensionDictionary.swift */,
				DA68F16F1F38E5D500C13634 /* ExtensionFileManager.swift */,
				DA68F1701F38E5D500C13634 /* ExtensionNotification.swift */,
				DA68F1711F38E5D500C13634 /* ExtensionNSLayoutConstraint.swift */,
				DA68F1721F38E5D500C13634 /* ExtensionNSManagedObject.swift */,
				DA68F1731F38E5D500C13634 /* ExtensionString.swift */,
				DA68F1741F38E5D500C13634 /* ExtensionUICollectionReusableView.swift */,
				DA68F1751F38E5D500C13634 /* ExtensionUIColor.swift */,
				DA68F1761F38E5D500C13634 /* ExtensionUIFont.swift */,
				DA68F1771F38E5D500C13634 /* ExtensionURL.swift */,
				DAF045931F392C520003C2EF /* ExtensionURLResponse.swift */,
				DAF1C1131F3947A300820417 /* ExtensionData.swift */,
			);
			path = Extensions;
			sourceTree = "<group>";
		};
		DA68F1781F38E5D500C13634 /* Resource */ = {
			isa = PBXGroup;
			children = (
				DA68F1791F38E5D500C13634 /* LocalizableController.strings */,
				DA68F17B1F38E5D500C13634 /* LocalizableModel.strings */,
				DA68F17D1F38E5D500C13634 /* LocalizableView.strings */,
				DA68F17F1F38E5D500C13634 /* ResourceURL.plist */,
			);
			path = Resource;
			sourceTree = "<group>";
		};
		DA68F1801F38E5D500C13634 /* View */ = {
			isa = PBXGroup;
			children = (
				DA68F1811F38E5D500C13634 /* Abstract */,
				DA68F1881F38E5D500C13634 /* Basic */,
				DA68F1941F38E5D500C13634 /* Home */,
			);
			path = View;
			sourceTree = "<group>";
		};
		DA68F1811F38E5D500C13634 /* Abstract */ = {
			isa = PBXGroup;
			children = (
				DA68F1821F38E5D500C13634 /* Basic */,
			);
			path = Abstract;
			sourceTree = "<group>";
		};
		DA68F1821F38E5D500C13634 /* Basic */ = {
			isa = PBXGroup;
			children = (
				DA68F1831F38E5D500C13634 /* View.swift */,
				DA68F1841F38E5D500C13634 /* ViewMain.swift */,
				DA68F1851F38E5D500C13634 /* ViewParent.swift */,
				DA68F1861F38E5D500C13634 /* ViewParentTransitions.swift */,
				DA68F1871F38E5D500C13634 /* ViewProtocol.swift */,
			);
			path = Basic;
			sourceTree = "<group>";
		};
		DA68F1881F38E5D500C13634 /* Basic */ = {
			isa = PBXGroup;
			children = (
				DA68F1891F38E5D500C13634 /* VAlert.swift */,
				DA68F18A1F38E5D500C13634 /* VBlur.swift */,
				DA68F18B1F38E5D500C13634 /* VBorder.swift */,
				DA68F18C1F38E5D500C13634 /* VCollection.swift */,
				DA68F18D1F38E5D500C13634 /* VCollectionFlow.swift */,
				DA68F18E1F38E5D500C13634 /* VGradient.swift */,
				DA68F18F1F38E5D500C13634 /* VPushBackground.swift */,
				DA68F1901F38E5D500C13634 /* VSlider.swift */,
				DA68F1911F38E5D500C13634 /* VSliderBar.swift */,
				DA68F1921F38E5D500C13634 /* VSpinner.swift */,
				DA68F1931F38E5D500C13634 /* VToast.swift */,
			);
			path = Basic;
			sourceTree = "<group>";
		};
		DA68F1941F38E5D500C13634 /* Home */ = {
			isa = PBXGroup;
			children = (
				DA68F1951F38E5D500C13634 /* VHome.swift */,
				DAF045891F3903780003C2EF /* VHomeBar.swift */,
				DAF0458B1F3908160003C2EF /* VHomeDisplay.swift */,
				DAE0AF971F3AB49B006449D0 /* VHomeActions.swift */,
				DAE0AF951F3AB432006449D0 /* VHomeActionsCell.swift */,
				DA7CE83B1F3F52DE0078A26B /* VHomeActionsShare.swift */,
			);
			path = Home;
			sourceTree = "<group>";
		};
		DA7CE8241F3F43ED0078A26B /* Strategy */ = {
			isa = PBXGroup;
			children = (
				DA7CE8251F3F46CE0078A26B /* MHomeStrategy.swift */,
				DA7CE8271F3F497D0078A26B /* MHomeStrategyFactory.swift */,
				DA90E0C11F40AE4A00A37538 /* MHomeStrategyNew.swift */,
				DA90E0C31F40AE8C00A37538 /* MHomeStrategyLoading.swift */,
				DA90E0C51F40AEAC00A37538 /* MHomeStrategyLoaded.swift */,
			);
			path = Strategy;
			sourceTree = "<group>";
		};
		DA7CE8421F3F53DB0078A26B /* UnitTests */ = {
			isa = PBXGroup;
			children = (
				DA90E0BA1F40990B00A37538 /* Controller */,
				DA90E0BC1F40990B00A37538 /* Model */,
				DA7CE8451F3F53DB0078A26B /* Info.plist */,
			);
			path = UnitTests;
			sourceTree = "<group>";
		};
		DA7CE8501F3F544C0078A26B /* UITests */ = {
			isa = PBXGroup;
			children = (
				DAD67F161F3F56D1006E9699 /* View */,
				DA7CE8531F3F544C0078A26B /* Info.plist */,
			);
			path = UITests;
			sourceTree = "<group>";
		};
		DA90E0BA1F40990B00A37538 /* Controller */ = {
			isa = PBXGroup;
			children = (
				DA90E0BB1F40990B00A37538 /* Home */,
			);
			path = Controller;
			sourceTree = "<group>";
		};
		DA90E0BB1F40990B00A37538 /* Home */ = {
			isa = PBXGroup;
			children = (
				DA90E0BD1F40991D00A37538 /* TCHome.swift */,
			);
			path = Home;
			sourceTree = "<group>";
		};
		DA90E0BC1F40990B00A37538 /* Model */ = {
			isa = PBXGroup;
			children = (
				DA90E0F21F40B78E00A37538 /* Session */,
			);
			path = Model;
			sourceTree = "<group>";
		};
		DA90E0C71F40B75800A37538 /* Gif */ = {
			isa = PBXGroup;
			children = (
				DA90E0C81F40B75800A37538 /* MGif.swift */,
				DA90E0C91F40B75800A37538 /* MGifLoader.swift */,
				DA90E0CA1F40B75800A37538 /* MGifStorer.swift */,
				DA90E0CB1F40B75800A37538 /* MGifStrategy.swift */,
				DA90E0CC1F40B75800A37538 /* MGifStrategyDownload.swift */,
				DA90E0CD1F40B75800A37538 /* MGifStrategyDownloadFile.swift */,
				DA90E0CE1F40B75800A37538 /* MGifStrategyDownloadRequest.swift */,
				DA90E0CF1F40B75800A37538 /* MGifStrategyStand.swift */,
			);
			path = Gif;
			sourceTree = "<group>";
		};
		DA90E0D01F40B75800A37538 /* Perk */ = {
			isa = PBXGroup;
			children = (
				DA90E0D11F40B75800A37538 /* Abstract */,
				DA90E0D51F40B75800A37538 /* Protocols */,
			);
			path = Perk;
			sourceTree = "<group>";
		};
		DA90E0D11F40B75800A37538 /* Abstract */ = {
			isa = PBXGroup;
			children = (
				DA90E0D21F40B75800A37538 /* MPerk.swift */,
				DA90E0D31F40B75800A37538 /* MPerkFactory.swift */,
				DA90E0D41F40B75800A37538 /* MPerkLoader.swift */,
			);
			path = Abstract;
			sourceTree = "<group>";
		};
		DA90E0D51F40B75800A37538 /* Protocols */ = {
			isa = PBXGroup;
			children = (
				DA90E0D61F40B75800A37538 /* MPerkDomainProtocol.swift */,
				DA90E0D71F40B75800A37538 /* MPerkThumbnailFreeProtocol.swift */,
				DA90E0D81F40B75800A37538 /* MPerkThumbnailProtocol.swift */,
				DA90E0D91F40B75800A37538 /* MPerkThumbnailProtocolExtension.swift */,
				DA90E0DA1F40B75800A37538 /* MPerkThumbnailPurchaseProtocol.swift */,
			);
			path = Protocols;
			sourceTree = "<group>";
		};
		DA90E0DB1F40B75800A37538 /* Session */ = {
			isa = PBXGroup;
			children = (
				DA90E0DC1F40B75800A37538 /* MSession.swift */,
				DA90E0DD1F40B75800A37538 /* MSessionLoader.swift */,
				DA90E0DE1F40B75800A37538 /* MSessionStatus.swift */,
			);
			path = Session;
			sourceTree = "<group>";
		};
		DA90E0F21F40B78E00A37538 /* Session */ = {
			isa = PBXGroup;
			children = (
				DA90E0F31F40B79E00A37538 /* TMSession.swift */,
				DA90E0F51F40BA7500A37538 /* TMSessionLoader.swift */,
			);
			path = Session;
			sourceTree = "<group>";
		};
		DAC2157E1F3936EE00E281DB /* Giphy */ = {
			isa = PBXGroup;
			children = (
				DAC2157F1F3936FA00E281DB /* MGiphy.swift */,
				DAC215811F39372D00E281DB /* MGiphyRandom.swift */,
				DAE0AFA51F3AD96B006449D0 /* MGiphyTrending.swift */,
				DAE0AFC01F3BAB16006449D0 /* MGiphyFactory.swift */,
				DAE0AFBE1F3BAA88006449D0 /* MGiphyItem.swift */,
			);
			path = Giphy;
			sourceTree = "<group>";
		};
		DAC215831F39377500E281DB /* Request */ = {
			isa = PBXGroup;
			children = (
				DAC215841F39378800E281DB /* MRequest.swift */,
			);
			path = Request;
			sourceTree = "<group>";
		};
		DAD67F161F3F56D1006E9699 /* View */ = {
			isa = PBXGroup;
			children = (
				DAD67F171F3F56D1006E9699 /* Home */,
			);
			path = View;
			sourceTree = "<group>";
		};
		DAD67F171F3F56D1006E9699 /* Home */ = {
			isa = PBXGroup;
			children = (
				DAD67F181F3F56FE006E9699 /* TVHome.swift */,
				DAD67F1E1F3F5BC4006E9699 /* TVHomeActionsShare.swift */,
			);
			path = Home;
			sourceTree = "<group>";
		};
		DAE0AFC21F3BAEF9006449D0 /* Abstract */ = {
			isa = PBXGroup;
			children = (
				DAE0AFC31F3BAEF9006449D0 /* MHome.swift */,
				DAE0AFC41F3BAEF9006449D0 /* MHomeFactory.swift */,
				DA90E0BF1F40AD3E00A37538 /* MHomeSession.swift */,
				DAE0AFC71F3BAEF9006449D0 /* MHomeLoader.swift */,
				DAE0AFD61F3BAF20006449D0 /* MHomeRequest.swift */,
				DA3475C91F3DD2B00035C5CB /* MHomeDownloadGif.swift */,
				DAE0AFC61F3BAEF9006449D0 /* MHomeItem.swift */,
			);
			path = Abstract;
			sourceTree = "<group>";
		};
		DAE0AFC81F3BAEF9006449D0 /* Action */ = {
			isa = PBXGroup;
			children = (
				DAE0AFC91F3BAEF9006449D0 /* MHomeActionHate.swift */,
				DAE0AFCA1F3BAEF9006449D0 /* MHomeActionLike.swift */,
				DAE0AFCB1F3BAEF9006449D0 /* MHomeActionMeh.swift */,
				DAE0AFCC1F3BAEF9006449D0 /* MHomeActionProtocol.swift */,
			);
			path = Action;
			sourceTree = "<group>";
		};
/* End PBXGroup section */

/* Begin PBXNativeTarget section */
		DA39E7791F38E3F90001CA28 /* gattaca */ = {
			isa = PBXNativeTarget;
			buildConfigurationList = DA39E78C1F38E3F90001CA28 /* Build configuration list for PBXNativeTarget "gattaca" */;
			buildPhases = (
				C47AB6F31807763C172F0223 /* [CP] Check Pods Manifest.lock */,
				DA39E7761F38E3F90001CA28 /* Sources */,
				DA39E7771F38E3F90001CA28 /* Frameworks */,
				DA39E7781F38E3F90001CA28 /* Resources */,
				12C75E1ECF48EEE289CA5D56 /* [CP] Embed Pods Frameworks */,
				304BC94C8BB67E48074177C6 /* [CP] Copy Pods Resources */,
			);
			buildRules = (
			);
			dependencies = (
			);
			name = gattaca;
			productName = gattaca;
			productReference = DA39E77A1F38E3F90001CA28 /* gattaca.app */;
			productType = "com.apple.product-type.application";
		};
		DA7CE8401F3F53DB0078A26B /* UnitTests */ = {
			isa = PBXNativeTarget;
			buildConfigurationList = DA7CE8481F3F53DB0078A26B /* Build configuration list for PBXNativeTarget "UnitTests" */;
			buildPhases = (
				DA7CE83D1F3F53DB0078A26B /* Sources */,
				DA7CE83E1F3F53DB0078A26B /* Frameworks */,
				DA7CE83F1F3F53DB0078A26B /* Resources */,
			);
			buildRules = (
			);
			dependencies = (
				DA7CE8471F3F53DB0078A26B /* PBXTargetDependency */,
			);
			name = UnitTests;
			productName = UnitTests;
			productReference = DA7CE8411F3F53DB0078A26B /* UnitTests.xctest */;
			productType = "com.apple.product-type.bundle.unit-test";
		};
		DA7CE84E1F3F544C0078A26B /* UITests */ = {
			isa = PBXNativeTarget;
			buildConfigurationList = DA7CE8561F3F544C0078A26B /* Build configuration list for PBXNativeTarget "UITests" */;
			buildPhases = (
				DA7CE84B1F3F544C0078A26B /* Sources */,
				DA7CE84C1F3F544C0078A26B /* Frameworks */,
				DA7CE84D1F3F544C0078A26B /* Resources */,
			);
			buildRules = (
			);
			dependencies = (
				DA7CE8551F3F544C0078A26B /* PBXTargetDependency */,
			);
			name = UITests;
			productName = UITests;
			productReference = DA7CE84F1F3F544C0078A26B /* UITests.xctest */;
			productType = "com.apple.product-type.bundle.ui-testing";
		};
/* End PBXNativeTarget section */

/* Begin PBXProject section */
		DA39E7721F38E3F90001CA28 /* Project object */ = {
			isa = PBXProject;
			attributes = {
				LastSwiftUpdateCheck = 0830;
				LastUpgradeCheck = 0830;
				ORGANIZATIONNAME = iturbide;
				TargetAttributes = {
					DA39E7791F38E3F90001CA28 = {
						CreatedOnToolsVersion = 8.3.3;
						DevelopmentTeam = 7AMWG3RLHN;
						ProvisioningStyle = Automatic;
					};
					DA7CE8401F3F53DB0078A26B = {
						CreatedOnToolsVersion = 8.3.3;
						DevelopmentTeam = 7AMWG3RLHN;
						LastSwiftMigration = 0830;
						ProvisioningStyle = Automatic;
						TestTargetID = DA39E7791F38E3F90001CA28;
					};
					DA7CE84E1F3F544C0078A26B = {
						CreatedOnToolsVersion = 8.3.3;
						DevelopmentTeam = 7AMWG3RLHN;
						LastSwiftMigration = 0830;
						ProvisioningStyle = Automatic;
						TestTargetID = DA39E7791F38E3F90001CA28;
					};
				};
			};
			buildConfigurationList = DA39E7751F38E3F90001CA28 /* Build configuration list for PBXProject "gattaca" */;
			compatibilityVersion = "Xcode 3.2";
			developmentRegion = English;
			hasScannedForEncodings = 0;
			knownRegions = (
				en,
			);
			mainGroup = DA39E7711F38E3F90001CA28;
			productRefGroup = DA39E77B1F38E3F90001CA28 /* Products */;
			projectDirPath = "";
			projectRoot = "";
			targets = (
				DA39E7791F38E3F90001CA28 /* gattaca */,
				DA7CE8401F3F53DB0078A26B /* UnitTests */,
				DA7CE84E1F3F544C0078A26B /* UITests */,
			);
		};
/* End PBXProject section */

/* Begin PBXResourcesBuildPhase section */
		DA39E7781F38E3F90001CA28 /* Resources */ = {
			isa = PBXResourcesBuildPhase;
			buildActionMask = 2147483647;
			files = (
				DA68F1B51F38E5D500C13634 /* LocalizableView.strings in Resources */,
				DACECC481F3A23C30009D933 /* spinner.xcassets in Resources */,
				DA68F1A61F38E5D500C13634 /* LaunchScreen.storyboard in Resources */,
				DA68F1B31F38E5D500C13634 /* LocalizableController.strings in Resources */,
				DA68F1B61F38E5D500C13634 /* ResourceURL.plist in Resources */,
				DAE0AF9A1F3AB6CB006449D0 /* generic.xcassets in Resources */,
				DA68F1B41F38E5D500C13634 /* LocalizableModel.strings in Resources */,
			);
			runOnlyForDeploymentPostprocessing = 0;
		};
		DA7CE83F1F3F53DB0078A26B /* Resources */ = {
			isa = PBXResourcesBuildPhase;
			buildActionMask = 2147483647;
			files = (
			);
			runOnlyForDeploymentPostprocessing = 0;
		};
		DA7CE84D1F3F544C0078A26B /* Resources */ = {
			isa = PBXResourcesBuildPhase;
			buildActionMask = 2147483647;
			files = (
			);
			runOnlyForDeploymentPostprocessing = 0;
		};
/* End PBXResourcesBuildPhase section */

/* Begin PBXShellScriptBuildPhase section */
		12C75E1ECF48EEE289CA5D56 /* [CP] Embed Pods Frameworks */ = {
			isa = PBXShellScriptBuildPhase;
			buildActionMask = 2147483647;
			files = (
			);
			inputPaths = (
				"${SRCROOT}/Pods/Target Support Files/Pods-gattaca/Pods-gattaca-frameworks.sh",
				"${BUILT_PRODUCTS_DIR}/GifHero/GifHero.framework",
			);
			name = "[CP] Embed Pods Frameworks";
			outputPaths = (
				"${TARGET_BUILD_DIR}/${FRAMEWORKS_FOLDER_PATH}/GifHero.framework",
			);
			runOnlyForDeploymentPostprocessing = 0;
			shellPath = /bin/sh;
			shellScript = "\"${SRCROOT}/Pods/Target Support Files/Pods-gattaca/Pods-gattaca-frameworks.sh\"\n";
			showEnvVarsInLog = 0;
		};
		304BC94C8BB67E48074177C6 /* [CP] Copy Pods Resources */ = {
			isa = PBXShellScriptBuildPhase;
			buildActionMask = 2147483647;
			files = (
			);
			inputPaths = (
			);
			name = "[CP] Copy Pods Resources";
			outputPaths = (
			);
			runOnlyForDeploymentPostprocessing = 0;
			shellPath = /bin/sh;
			shellScript = "\"${SRCROOT}/Pods/Target Support Files/Pods-gattaca/Pods-gattaca-resources.sh\"\n";
			showEnvVarsInLog = 0;
		};
		C47AB6F31807763C172F0223 /* [CP] Check Pods Manifest.lock */ = {
			isa = PBXShellScriptBuildPhase;
			buildActionMask = 2147483647;
			files = (
			);
			inputPaths = (
				"${PODS_PODFILE_DIR_PATH}/Podfile.lock",
				"${PODS_ROOT}/Manifest.lock",
			);
			name = "[CP] Check Pods Manifest.lock";
			outputPaths = (
				"$(DERIVED_FILE_DIR)/Pods-gattaca-checkManifestLockResult.txt",
			);
			runOnlyForDeploymentPostprocessing = 0;
			shellPath = /bin/sh;
			shellScript = "diff \"${PODS_PODFILE_DIR_PATH}/Podfile.lock\" \"${PODS_ROOT}/Manifest.lock\" > /dev/null\nif [ $? != 0 ] ; then\n    # print error to STDERR\n    echo \"error: The sandbox is not in sync with the Podfile.lock. Run 'pod install' or update your CocoaPods installation.\" >&2\n    exit 1\nfi\n# This output is used by Xcode 'outputs' to avoid re-running this script phase.\necho \"SUCCESS\" > \"${SCRIPT_OUTPUT_FILE_0}\"\n";
			showEnvVarsInLog = 0;
		};
/* End PBXShellScriptBuildPhase section */

/* Begin PBXSourcesBuildPhase section */
		DA39E7761F38E3F90001CA28 /* Sources */ = {
			isa = PBXSourcesBuildPhase;
			buildActionMask = 2147483647;
			files = (
				DA68F1991F38E5D500C13634 /* ControllerParentTransitions.swift in Sources */,
				DA68F1C11F38E5D500C13634 /* VGradient.swift in Sources */,
				DA90E0EF1F40B75800A37538 /* MSession.swift in Sources */,
				DAD67F1B1F3F5A08006E9699 /* CHomeShare.swift in Sources */,
				DA68F1AB1F38E5D500C13634 /* ExtensionNotification.swift in Sources */,
				DA68F1C61F38E5D500C13634 /* VToast.swift in Sources */,
				DA90E0EE1F40B75800A37538 /* MPerkThumbnailPurchaseProtocol.swift in Sources */,
				DA68A2871F408A350094BC9B /* DGifExtensionDirectory.swift in Sources */,
				DA90E0C61F40AEAC00A37538 /* MHomeStrategyLoaded.swift in Sources */,
				DA90E0E31F40B75800A37538 /* MGifStrategyDownload.swift in Sources */,
				DA68A28A1F408A350094BC9B /* DGattaca.xcdatamodeld in Sources */,
				DA68F1B91F38E5D500C13634 /* ViewParent.swift in Sources */,
				DA68F1C71F38E5D500C13634 /* VHome.swift in Sources */,
				DA90E0C21F40AE4A00A37538 /* MHomeStrategyNew.swift in Sources */,
				DA68F1C21F38E5D500C13634 /* VPushBackground.swift in Sources */,
				DA68F1C31F38E5D500C13634 /* VSlider.swift in Sources */,
				DA68F1AD1F38E5D500C13634 /* ExtensionNSManagedObject.swift in Sources */,
				DA7CE83C1F3F52DE0078A26B /* VHomeActionsShare.swift in Sources */,
				DAF0458A1F3903780003C2EF /* VHomeBar.swift in Sources */,
				DA68F1AC1F38E5D500C13634 /* ExtensionNSLayoutConstraint.swift in Sources */,
				DA68F1A91F38E5D500C13634 /* ExtensionDictionary.swift in Sources */,
				DA68F1BF1F38E5D500C13634 /* VCollection.swift in Sources */,
				DA90E0E11F40B75800A37538 /* MGifStorer.swift in Sources */,
				DAE0AFD11F3BAEF9006449D0 /* MHomeLoader.swift in Sources */,
				DA68F1BD1F38E5D500C13634 /* VBlur.swift in Sources */,
				DA7CE8261F3F46CE0078A26B /* MHomeStrategy.swift in Sources */,
				DA68F1AA1F38E5D500C13634 /* ExtensionFileManager.swift in Sources */,
				DAE0AF961F3AB432006449D0 /* VHomeActionsCell.swift in Sources */,
				DA68A2881F408A350094BC9B /* DSettingsExtension.swift in Sources */,
				DA68F1961F38E5D500C13634 /* AppDelegate.swift in Sources */,
				DA90E0ED1F40B75800A37538 /* MPerkThumbnailProtocolExtension.swift in Sources */,
				DA90E0E61F40B75800A37538 /* MGifStrategyStand.swift in Sources */,
				DAF0458C1F3908160003C2EF /* VHomeDisplay.swift in Sources */,
				DAE0AFD41F3BAEF9006449D0 /* MHomeActionMeh.swift in Sources */,
				DA68F1981F38E5D500C13634 /* ControllerParent.swift in Sources */,
				DAE0AFD31F3BAEF9006449D0 /* MHomeActionLike.swift in Sources */,
				DA90E0E01F40B75800A37538 /* MGifLoader.swift in Sources */,
				DA68F1B21F38E5D500C13634 /* ExtensionURL.swift in Sources */,
				DA90E0E41F40B75800A37538 /* MGifStrategyDownloadFile.swift in Sources */,
				DA90E0E91F40B75800A37538 /* MPerkLoader.swift in Sources */,
				DAC215821F39372D00E281DB /* MGiphyRandom.swift in Sources */,
				DA90E0EC1F40B75800A37538 /* MPerkThumbnailProtocol.swift in Sources */,
				DA90E0DF1F40B75800A37538 /* MGif.swift in Sources */,
				DA90E0E51F40B75800A37538 /* MGifStrategyDownloadRequest.swift in Sources */,
				DAE0AFC11F3BAB16006449D0 /* MGiphyFactory.swift in Sources */,
				DA68F1C41F38E5D500C13634 /* VSliderBar.swift in Sources */,
				DA90E0F01F40B75800A37538 /* MSessionLoader.swift in Sources */,
				DA90E0C01F40AD3E00A37538 /* MHomeSession.swift in Sources */,
				DA90E0F11F40B75800A37538 /* MSessionStatus.swift in Sources */,
				DAE0AFBF1F3BAA88006449D0 /* MGiphyItem.swift in Sources */,
				DAE0AFA61F3AD96B006449D0 /* MGiphyTrending.swift in Sources */,
				DA68F1AF1F38E5D500C13634 /* ExtensionUICollectionReusableView.swift in Sources */,
				DA68F1A81F38E5D500C13634 /* ExtensionCGImage.swift in Sources */,
				DA68F19B1F38E5D500C13634 /* Model.swift in Sources */,
				DA68F1C01F38E5D500C13634 /* VCollectionFlow.swift in Sources */,
				DA68F1C51F38E5D500C13634 /* VSpinner.swift in Sources */,
				DA68F1B81F38E5D500C13634 /* ViewMain.swift in Sources */,
				DAF1C1141F3947A300820417 /* ExtensionData.swift in Sources */,
				DAF045941F392C520003C2EF /* ExtensionURLResponse.swift in Sources */,
				DAE0AFD71F3BAF20006449D0 /* MHomeRequest.swift in Sources */,
				DA68F1BE1F38E5D500C13634 /* VBorder.swift in Sources */,
				DA68F1971F38E5D500C13634 /* Controller.swift in Sources */,
				DA3475CA1F3DD2B00035C5CB /* MHomeDownloadGif.swift in Sources */,
				DAE0AFCE1F3BAEF9006449D0 /* MHomeFactory.swift in Sources */,
				DA68A2891F408A350094BC9B /* DManager.swift in Sources */,
				DA68F1AE1F38E5D500C13634 /* ExtensionString.swift in Sources */,
				DA90E0C41F40AE8C00A37538 /* MHomeStrategyLoading.swift in Sources */,
				DAE0AFD21F3BAEF9006449D0 /* MHomeActionHate.swift in Sources */,
				DAE0AFD51F3BAEF9006449D0 /* MHomeActionProtocol.swift in Sources */,
				DA68A2861F408A350094BC9B /* DGifExtension.swift in Sources */,
				DA90E0EB1F40B75800A37538 /* MPerkThumbnailFreeProtocol.swift in Sources */,
				DA90E0E21F40B75800A37538 /* MGifStrategy.swift in Sources */,
				DA90E0EA1F40B75800A37538 /* MPerkDomainProtocol.swift in Sources */,
				DA7CE8281F3F497D0078A26B /* MHomeStrategyFactory.swift in Sources */,
				DA68F1BA1F38E5D500C13634 /* ViewParentTransitions.swift in Sources */,
				DA68F1B71F38E5D500C13634 /* View.swift in Sources */,
				DA68F19C1F38E5D500C13634 /* ModelDelegate.swift in Sources */,
				DAC215801F3936FA00E281DB /* MGiphy.swift in Sources */,
				DA90E0E71F40B75800A37538 /* MPerk.swift in Sources */,
				DA68A28C1F408B230094BC9B /* DManagerFactory.swift in Sources */,
				DA90E0E81F40B75800A37538 /* MPerkFactory.swift in Sources */,
				DAE0AF981F3AB49B006449D0 /* VHomeActions.swift in Sources */,
				DA68F19A1F38E5D500C13634 /* CHome.swift in Sources */,
				DA68F1BC1F38E5D500C13634 /* VAlert.swift in Sources */,
				DA68F1B11F38E5D500C13634 /* ExtensionUIFont.swift in Sources */,
				DAE0AFD01F3BAEF9006449D0 /* MHomeItem.swift in Sources */,
				DAE0AFCD1F3BAEF9006449D0 /* MHome.swift in Sources */,
				DA68F1BB1F38E5D500C13634 /* ViewProtocol.swift in Sources */,
				DA68F1B01F38E5D500C13634 /* ExtensionUIColor.swift in Sources */,
				DAC215851F39378800E281DB /* MRequest.swift in Sources */,
			);
			runOnlyForDeploymentPostprocessing = 0;
		};
		DA7CE83D1F3F53DB0078A26B /* Sources */ = {
			isa = PBXSourcesBuildPhase;
			buildActionMask = 2147483647;
			files = (
				DA90E0F61F40BA7500A37538 /* TMSessionLoader.swift in Sources */,
				DA90E0BE1F40991D00A37538 /* TCHome.swift in Sources */,
				DA90E0F41F40B79E00A37538 /* TMSession.swift in Sources */,
			);
			runOnlyForDeploymentPostprocessing = 0;
		};
		DA7CE84B1F3F544C0078A26B /* Sources */ = {
			isa = PBXSourcesBuildPhase;
			buildActionMask = 2147483647;
			files = (
				DAD67F1F1F3F5BC4006E9699 /* TVHomeActionsShare.swift in Sources */,
				DAD67F191F3F56FE006E9699 /* TVHome.swift in Sources */,
			);
			runOnlyForDeploymentPostprocessing = 0;
		};
/* End PBXSourcesBuildPhase section */

/* Begin PBXTargetDependency section */
		DA7CE8471F3F53DB0078A26B /* PBXTargetDependency */ = {
			isa = PBXTargetDependency;
			target = DA39E7791F38E3F90001CA28 /* gattaca */;
			targetProxy = DA7CE8461F3F53DB0078A26B /* PBXContainerItemProxy */;
		};
		DA7CE8551F3F544C0078A26B /* PBXTargetDependency */ = {
			isa = PBXTargetDependency;
			target = DA39E7791F38E3F90001CA28 /* gattaca */;
			targetProxy = DA7CE8541F3F544C0078A26B /* PBXContainerItemProxy */;
		};
/* End PBXTargetDependency section */

/* Begin PBXVariantGroup section */
		DA68F1791F38E5D500C13634 /* LocalizableController.strings */ = {
			isa = PBXVariantGroup;
			children = (
				DA68F17A1F38E5D500C13634 /* en */,
			);
			name = LocalizableController.strings;
			sourceTree = "<group>";
		};
		DA68F17B1F38E5D500C13634 /* LocalizableModel.strings */ = {
			isa = PBXVariantGroup;
			children = (
				DA68F17C1F38E5D500C13634 /* en */,
			);
			name = LocalizableModel.strings;
			sourceTree = "<group>";
		};
		DA68F17D1F38E5D500C13634 /* LocalizableView.strings */ = {
			isa = PBXVariantGroup;
			children = (
				DA68F17E1F38E5D500C13634 /* en */,
			);
			name = LocalizableView.strings;
			sourceTree = "<group>";
		};
/* End PBXVariantGroup section */

/* Begin XCBuildConfiguration section */
		DA39E78A1F38E3F90001CA28 /* Debug */ = {
			isa = XCBuildConfiguration;
			buildSettings = {
				ALWAYS_SEARCH_USER_PATHS = NO;
				CLANG_ANALYZER_NONNULL = YES;
				CLANG_ANALYZER_NUMBER_OBJECT_CONVERSION = YES_AGGRESSIVE;
				CLANG_CXX_LANGUAGE_STANDARD = "gnu++0x";
				CLANG_CXX_LIBRARY = "libc++";
				CLANG_ENABLE_MODULES = NO;
				CLANG_ENABLE_OBJC_ARC = YES;
				CLANG_WARN_BOOL_CONVERSION = YES;
				CLANG_WARN_CONSTANT_CONVERSION = YES;
				CLANG_WARN_DIRECT_OBJC_ISA_USAGE = YES_ERROR;
				CLANG_WARN_DOCUMENTATION_COMMENTS = YES;
				CLANG_WARN_EMPTY_BODY = YES;
				CLANG_WARN_ENUM_CONVERSION = YES;
				CLANG_WARN_INFINITE_RECURSION = YES;
				CLANG_WARN_INT_CONVERSION = YES;
				CLANG_WARN_OBJC_ROOT_CLASS = YES_ERROR;
				CLANG_WARN_SUSPICIOUS_MOVE = YES;
				CLANG_WARN_UNREACHABLE_CODE = YES;
				CLANG_WARN__DUPLICATE_METHOD_MATCH = YES;
				"CODE_SIGN_IDENTITY[sdk=iphoneos*]" = "iPhone Developer";
				COPY_PHASE_STRIP = NO;
				DEBUG_INFORMATION_FORMAT = dwarf;
				ENABLE_STRICT_OBJC_MSGSEND = YES;
				ENABLE_TESTABILITY = YES;
				GCC_C_LANGUAGE_STANDARD = gnu99;
				GCC_DYNAMIC_NO_PIC = NO;
				GCC_NO_COMMON_BLOCKS = YES;
				GCC_OPTIMIZATION_LEVEL = 0;
				GCC_PREPROCESSOR_DEFINITIONS = (
					"DEBUG=1",
					"$(inherited)",
				);
				GCC_WARN_64_TO_32_BIT_CONVERSION = YES;
				GCC_WARN_ABOUT_RETURN_TYPE = YES_ERROR;
				GCC_WARN_UNDECLARED_SELECTOR = YES;
				GCC_WARN_UNINITIALIZED_AUTOS = YES_AGGRESSIVE;
				GCC_WARN_UNUSED_FUNCTION = YES;
				GCC_WARN_UNUSED_VARIABLE = YES;
				IPHONEOS_DEPLOYMENT_TARGET = 9.0;
				MTL_ENABLE_DEBUG_INFO = YES;
				ONLY_ACTIVE_ARCH = YES;
				SDKROOT = iphoneos;
				SWIFT_ACTIVE_COMPILATION_CONDITIONS = DEBUG;
				SWIFT_INSTALL_OBJC_HEADER = NO;
				SWIFT_OPTIMIZATION_LEVEL = "-Onone";
				TARGETED_DEVICE_FAMILY = "1,2";
			};
			name = Debug;
		};
		DA39E78B1F38E3F90001CA28 /* Release */ = {
			isa = XCBuildConfiguration;
			buildSettings = {
				ALWAYS_SEARCH_USER_PATHS = NO;
				CLANG_ANALYZER_NONNULL = YES;
				CLANG_ANALYZER_NUMBER_OBJECT_CONVERSION = YES_AGGRESSIVE;
				CLANG_CXX_LANGUAGE_STANDARD = "gnu++0x";
				CLANG_CXX_LIBRARY = "libc++";
				CLANG_ENABLE_MODULES = NO;
				CLANG_ENABLE_OBJC_ARC = YES;
				CLANG_WARN_BOOL_CONVERSION = YES;
				CLANG_WARN_CONSTANT_CONVERSION = YES;
				CLANG_WARN_DIRECT_OBJC_ISA_USAGE = YES_ERROR;
				CLANG_WARN_DOCUMENTATION_COMMENTS = YES;
				CLANG_WARN_EMPTY_BODY = YES;
				CLANG_WARN_ENUM_CONVERSION = YES;
				CLANG_WARN_INFINITE_RECURSION = YES;
				CLANG_WARN_INT_CONVERSION = YES;
				CLANG_WARN_OBJC_ROOT_CLASS = YES_ERROR;
				CLANG_WARN_SUSPICIOUS_MOVE = YES;
				CLANG_WARN_UNREACHABLE_CODE = YES;
				CLANG_WARN__DUPLICATE_METHOD_MATCH = YES;
				"CODE_SIGN_IDENTITY[sdk=iphoneos*]" = "iPhone Developer";
				COPY_PHASE_STRIP = NO;
				DEBUG_INFORMATION_FORMAT = "dwarf-with-dsym";
				ENABLE_NS_ASSERTIONS = NO;
				ENABLE_STRICT_OBJC_MSGSEND = YES;
				GCC_C_LANGUAGE_STANDARD = gnu99;
				GCC_NO_COMMON_BLOCKS = YES;
				GCC_WARN_64_TO_32_BIT_CONVERSION = YES;
				GCC_WARN_ABOUT_RETURN_TYPE = YES_ERROR;
				GCC_WARN_UNDECLARED_SELECTOR = YES;
				GCC_WARN_UNINITIALIZED_AUTOS = YES_AGGRESSIVE;
				GCC_WARN_UNUSED_FUNCTION = YES;
				GCC_WARN_UNUSED_VARIABLE = YES;
				IPHONEOS_DEPLOYMENT_TARGET = 9.0;
				MTL_ENABLE_DEBUG_INFO = NO;
				SDKROOT = iphoneos;
				SWIFT_INSTALL_OBJC_HEADER = NO;
				SWIFT_OPTIMIZATION_LEVEL = "-Owholemodule";
				TARGETED_DEVICE_FAMILY = "1,2";
				VALIDATE_PRODUCT = YES;
			};
			name = Release;
		};
		DA39E78D1F38E3F90001CA28 /* Debug */ = {
			isa = XCBuildConfiguration;
			baseConfigurationReference = DA32853F5411186959D91314 /* Pods-gattaca.debug.xcconfig */;
			buildSettings = {
				DEVELOPMENT_TEAM = 7AMWG3RLHN;
				INFOPLIST_FILE = gattaca/Info.plist;
				LD_RUNPATH_SEARCH_PATHS = "$(inherited) @executable_path/Frameworks";
				PRODUCT_BUNDLE_IDENTIFIER = iturbide.gattaca;
				PRODUCT_NAME = "$(TARGET_NAME)";
				SWIFT_VERSION = 3.0;
				TARGETED_DEVICE_FAMILY = "1,2";
			};
			name = Debug;
		};
		DA39E78E1F38E3F90001CA28 /* Release */ = {
			isa = XCBuildConfiguration;
			baseConfigurationReference = 9FB0C4F89BF859D73B9AE9D3 /* Pods-gattaca.release.xcconfig */;
			buildSettings = {
				DEVELOPMENT_TEAM = 7AMWG3RLHN;
				INFOPLIST_FILE = gattaca/Info.plist;
				LD_RUNPATH_SEARCH_PATHS = "$(inherited) @executable_path/Frameworks";
				PRODUCT_BUNDLE_IDENTIFIER = iturbide.gattaca;
				PRODUCT_NAME = "$(TARGET_NAME)";
				SWIFT_VERSION = 3.0;
				TARGETED_DEVICE_FAMILY = "1,2";
			};
			name = Release;
		};
		DA7CE8491F3F53DB0078A26B /* Debug */ = {
			isa = XCBuildConfiguration;
			buildSettings = {
				BUNDLE_LOADER = "$(TEST_HOST)";
				CLANG_ENABLE_MODULES = NO;
				DEVELOPMENT_TEAM = 7AMWG3RLHN;
				INFOPLIST_FILE = UnitTests/Info.plist;
				IPHONEOS_DEPLOYMENT_TARGET = 10.3;
				LD_RUNPATH_SEARCH_PATHS = "$(inherited) @executable_path/Frameworks @loader_path/Frameworks";
				PRODUCT_BUNDLE_IDENTIFIER = iturbide.gattaca.UnitTests;
				PRODUCT_NAME = "$(TARGET_NAME)";
				SWIFT_OPTIMIZATION_LEVEL = "-Onone";
				SWIFT_VERSION = 3.0;
				TEST_HOST = "$(BUILT_PRODUCTS_DIR)/gattaca.app/gattaca";
			};
			name = Debug;
		};
		DA7CE84A1F3F53DB0078A26B /* Release */ = {
			isa = XCBuildConfiguration;
			buildSettings = {
				BUNDLE_LOADER = "$(TEST_HOST)";
				CLANG_ENABLE_MODULES = NO;
				DEVELOPMENT_TEAM = 7AMWG3RLHN;
				INFOPLIST_FILE = UnitTests/Info.plist;
				IPHONEOS_DEPLOYMENT_TARGET = 10.3;
				LD_RUNPATH_SEARCH_PATHS = "$(inherited) @executable_path/Frameworks @loader_path/Frameworks";
				PRODUCT_BUNDLE_IDENTIFIER = iturbide.gattaca.UnitTests;
				PRODUCT_NAME = "$(TARGET_NAME)";
				SWIFT_VERSION = 3.0;
				TEST_HOST = "$(BUILT_PRODUCTS_DIR)/gattaca.app/gattaca";
			};
			name = Release;
		};
		DA7CE8571F3F544C0078A26B /* Debug */ = {
			isa = XCBuildConfiguration;
			buildSettings = {
				CLANG_ENABLE_MODULES = NO;
				DEVELOPMENT_TEAM = 7AMWG3RLHN;
				INFOPLIST_FILE = UITests/Info.plist;
				IPHONEOS_DEPLOYMENT_TARGET = 10.3;
				LD_RUNPATH_SEARCH_PATHS = "$(inherited) @executable_path/Frameworks @loader_path/Frameworks";
				PRODUCT_BUNDLE_IDENTIFIER = iturbide.gattaca.UITests;
				PRODUCT_NAME = "$(TARGET_NAME)";
				SWIFT_OPTIMIZATION_LEVEL = "-Onone";
				SWIFT_VERSION = 3.0;
				TEST_TARGET_NAME = gattaca;
			};
			name = Debug;
		};
		DA7CE8581F3F544C0078A26B /* Release */ = {
			isa = XCBuildConfiguration;
			buildSettings = {
				CLANG_ENABLE_MODULES = NO;
				DEVELOPMENT_TEAM = 7AMWG3RLHN;
				INFOPLIST_FILE = UITests/Info.plist;
				IPHONEOS_DEPLOYMENT_TARGET = 10.3;
				LD_RUNPATH_SEARCH_PATHS = "$(inherited) @executable_path/Frameworks @loader_path/Frameworks";
				PRODUCT_BUNDLE_IDENTIFIER = iturbide.gattaca.UITests;
				PRODUCT_NAME = "$(TARGET_NAME)";
				SWIFT_VERSION = 3.0;
				TEST_TARGET_NAME = gattaca;
			};
			name = Release;
		};
/* End XCBuildConfiguration section */

/* Begin XCConfigurationList section */
		DA39E7751F38E3F90001CA28 /* Build configuration list for PBXProject "gattaca" */ = {
			isa = XCConfigurationList;
			buildConfigurations = (
				DA39E78A1F38E3F90001CA28 /* Debug */,
				DA39E78B1F38E3F90001CA28 /* Release */,
			);
			defaultConfigurationIsVisible = 0;
			defaultConfigurationName = Release;
		};
		DA39E78C1F38E3F90001CA28 /* Build configuration list for PBXNativeTarget "gattaca" */ = {
			isa = XCConfigurationList;
			buildConfigurations = (
				DA39E78D1F38E3F90001CA28 /* Debug */,
				DA39E78E1F38E3F90001CA28 /* Release */,
			);
			defaultConfigurationIsVisible = 0;
			defaultConfigurationName = Release;
		};
		DA7CE8481F3F53DB0078A26B /* Build configuration list for PBXNativeTarget "UnitTests" */ = {
			isa = XCConfigurationList;
			buildConfigurations = (
				DA7CE8491F3F53DB0078A26B /* Debug */,
				DA7CE84A1F3F53DB0078A26B /* Release */,
			);
			defaultConfigurationIsVisible = 0;
			defaultConfigurationName = Release;
		};
		DA7CE8561F3F544C0078A26B /* Build configuration list for PBXNativeTarget "UITests" */ = {
			isa = XCConfigurationList;
			buildConfigurations = (
				DA7CE8571F3F544C0078A26B /* Debug */,
				DA7CE8581F3F544C0078A26B /* Release */,
			);
			defaultConfigurationIsVisible = 0;
			defaultConfigurationName = Release;
		};
/* End XCConfigurationList section */

/* Begin XCVersionGroup section */
		DA68A2841F408A350094BC9B /* DGattaca.xcdatamodeld */ = {
			isa = XCVersionGroup;
			children = (
				DA68A2851F408A350094BC9B /* DGattaca.xcdatamodel */,
			);
			currentVersion = DA68A2851F408A350094BC9B /* DGattaca.xcdatamodel */;
			path = DGattaca.xcdatamodeld;
			sourceTree = "<group>";
			versionGroupType = wrapper.xcdatamodel;
		};
/* End XCVersionGroup section */
	};
	rootObject = DA39E7721F38E3F90001CA28 /* Project object */;
}
