// !$*UTF8*$!
{
	archiveVersion = 1;
	classes = {
	};
	objectVersion = 46;
	objects = {

/* Begin PBXBuildFile section */
		D2233BBF0363DC0A31972538 /* libPods-gattaca.a in Frameworks */ = {isa = PBXBuildFile; fileRef = 172D94B9242E43D73828A848 /* libPods-gattaca.a */; };
		DA2965961C3DB72C00BC713E /* analytics.plist in Resources */ = {isa = PBXBuildFile; fileRef = DA2965951C3DB72C00BC713E /* analytics.plist */; };
		DA29659D1C3DC3E300BC713E /* cmain.m in Sources */ = {isa = PBXBuildFile; fileRef = DA29659C1C3DC3E300BC713E /* cmain.m */; };
		DA2965A31C3DC72C00BC713E /* cbrowse.m in Sources */ = {isa = PBXBuildFile; fileRef = DA2965A21C3DC72C00BC713E /* cbrowse.m */; };
		DA2965A61C3DC73C00BC713E /* cconfig.m in Sources */ = {isa = PBXBuildFile; fileRef = DA2965A51C3DC73C00BC713E /* cconfig.m */; };
		DA2965A91C3DC74600BC713E /* ccontact.m in Sources */ = {isa = PBXBuildFile; fileRef = DA2965A81C3DC74600BC713E /* ccontact.m */; };
		DA2965AD1C3DC95100BC713E /* vbrowse.m in Sources */ = {isa = PBXBuildFile; fileRef = DA2965AC1C3DC95100BC713E /* vbrowse.m */; };
		DA388D791C3DA8A600672F8D /* Images.xcassets in Resources */ = {isa = PBXBuildFile; fileRef = DA388D781C3DA8A600672F8D /* Images.xcassets */; };
		DA4A744B1C3D9B240092A405 /* defs.plist in Resources */ = {isa = PBXBuildFile; fileRef = DA4A742C1C3D9B240092A405 /* defs.plist */; };
		DA4A744C1C3D9B240092A405 /* Localizable.strings in Resources */ = {isa = PBXBuildFile; fileRef = DA4A742D1C3D9B240092A405 /* Localizable.strings */; };
		DA4A744D1C3D9B240092A405 /* appdel.m in Sources */ = {isa = PBXBuildFile; fileRef = DA4A74331C3D9B240092A405 /* appdel.m */; };
		DA4A744E1C3D9B240092A405 /* Info.plist in Resources */ = {isa = PBXBuildFile; fileRef = DA4A74341C3D9B240092A405 /* Info.plist */; };
		DA4A744F1C3D9B240092A405 /* main.m in Sources */ = {isa = PBXBuildFile; fileRef = DA4A74351C3D9B240092A405 /* main.m */; };
		DA4A74501C3D9B240092A405 /* analytics.m in Sources */ = {isa = PBXBuildFile; fileRef = DA4A74381C3D9B240092A405 /* analytics.m */; };
		DA4A74511C3D9B240092A405 /* tools.m in Sources */ = {isa = PBXBuildFile; fileRef = DA4A743B1C3D9B240092A405 /* tools.m */; };
		DA4A74521C3D9B240092A405 /* updater.m in Sources */ = {isa = PBXBuildFile; fileRef = DA4A743D1C3D9B240092A405 /* updater.m */; };
		DA4A74531C3D9B240092A405 /* libtimerbg.a in Frameworks */ = {isa = PBXBuildFile; fileRef = DA4A74411C3D9B240092A405 /* libtimerbg.a */; };
/* End PBXBuildFile section */

/* Begin PBXFileReference section */
		172D94B9242E43D73828A848 /* libPods-gattaca.a */ = {isa = PBXFileReference; explicitFileType = archive.ar; includeInIndex = 0; path = "libPods-gattaca.a"; sourceTree = BUILT_PRODUCTS_DIR; };
		4478D6F5F04BF335E780B7FA /* Pods-gattaca.debug.xcconfig */ = {isa = PBXFileReference; includeInIndex = 1; lastKnownFileType = text.xcconfig; name = "Pods-gattaca.debug.xcconfig"; path = "Pods/Target Support Files/Pods-gattaca/Pods-gattaca.debug.xcconfig"; sourceTree = "<group>"; };
		CCA345502A1E697843858F3E /* Pods-gattaca.release.xcconfig */ = {isa = PBXFileReference; includeInIndex = 1; lastKnownFileType = text.xcconfig; name = "Pods-gattaca.release.xcconfig"; path = "Pods/Target Support Files/Pods-gattaca/Pods-gattaca.release.xcconfig"; sourceTree = "<group>"; };
		DA2965901C3DB2F900BC713E /* c.h */ = {isa = PBXFileReference; lastKnownFileType = sourcecode.c.h; path = c.h; sourceTree = "<group>"; };
		DA2965911C3DB30600BC713E /* m.h */ = {isa = PBXFileReference; lastKnownFileType = sourcecode.c.h; path = m.h; sourceTree = "<group>"; };
		DA2965921C3DB30D00BC713E /* v.h */ = {isa = PBXFileReference; lastKnownFileType = sourcecode.c.h; path = v.h; sourceTree = "<group>"; };
		DA2965941C3DB51D00BC713E /* mgeneral.h */ = {isa = PBXFileReference; lastKnownFileType = sourcecode.c.h; path = mgeneral.h; sourceTree = "<group>"; };
		DA2965951C3DB72C00BC713E /* analytics.plist */ = {isa = PBXFileReference; fileEncoding = 4; lastKnownFileType = text.plist.xml; path = analytics.plist; sourceTree = "<group>"; };
		DA29659B1C3DC3E300BC713E /* cmain.h */ = {isa = PBXFileReference; fileEncoding = 4; lastKnownFileType = sourcecode.c.h; path = cmain.h; sourceTree = "<group>"; };
		DA29659C1C3DC3E300BC713E /* cmain.m */ = {isa = PBXFileReference; fileEncoding = 4; lastKnownFileType = sourcecode.c.objc; path = cmain.m; sourceTree = "<group>"; };
		DA2965A11C3DC72C00BC713E /* cbrowse.h */ = {isa = PBXFileReference; fileEncoding = 4; lastKnownFileType = sourcecode.c.h; path = cbrowse.h; sourceTree = "<group>"; };
		DA2965A21C3DC72C00BC713E /* cbrowse.m */ = {isa = PBXFileReference; fileEncoding = 4; lastKnownFileType = sourcecode.c.objc; path = cbrowse.m; sourceTree = "<group>"; };
		DA2965A41C3DC73C00BC713E /* cconfig.h */ = {isa = PBXFileReference; fileEncoding = 4; lastKnownFileType = sourcecode.c.h; path = cconfig.h; sourceTree = "<group>"; };
		DA2965A51C3DC73C00BC713E /* cconfig.m */ = {isa = PBXFileReference; fileEncoding = 4; lastKnownFileType = sourcecode.c.objc; path = cconfig.m; sourceTree = "<group>"; };
		DA2965A71C3DC74600BC713E /* ccontact.h */ = {isa = PBXFileReference; fileEncoding = 4; lastKnownFileType = sourcecode.c.h; path = ccontact.h; sourceTree = "<group>"; };
		DA2965A81C3DC74600BC713E /* ccontact.m */ = {isa = PBXFileReference; fileEncoding = 4; lastKnownFileType = sourcecode.c.objc; path = ccontact.m; sourceTree = "<group>"; };
		DA2965AB1C3DC95100BC713E /* vbrowse.h */ = {isa = PBXFileReference; fileEncoding = 4; lastKnownFileType = sourcecode.c.h; path = vbrowse.h; sourceTree = "<group>"; };
		DA2965AC1C3DC95100BC713E /* vbrowse.m */ = {isa = PBXFileReference; fileEncoding = 4; lastKnownFileType = sourcecode.c.objc; path = vbrowse.m; sourceTree = "<group>"; };
		DA388D781C3DA8A600672F8D /* Images.xcassets */ = {isa = PBXFileReference; lastKnownFileType = folder.assetcatalog; path = Images.xcassets; sourceTree = "<group>"; };
		DA388D7A1C3DA92600672F8D /* private.h */ = {isa = PBXFileReference; lastKnownFileType = sourcecode.c.h; path = private.h; sourceTree = "<group>"; };
		DA4A740E1C3D95E00092A405 /* gattaca.app */ = {isa = PBXFileReference; explicitFileType = wrapper.application; includeInIndex = 0; path = gattaca.app; sourceTree = BUILT_PRODUCTS_DIR; };
		DA4A742C1C3D9B240092A405 /* defs.plist */ = {isa = PBXFileReference; fileEncoding = 4; lastKnownFileType = text.plist.xml; path = defs.plist; sourceTree = "<group>"; };
		DA4A742E1C3D9B240092A405 /* en */ = {isa = PBXFileReference; lastKnownFileType = text.plist.strings; name = en; path = en.lproj/Localizable.strings; sourceTree = "<group>"; };
		DA4A742F1C3D9B240092A405 /* es */ = {isa = PBXFileReference; lastKnownFileType = text.plist.strings; name = es; path = es.lproj/Localizable.strings; sourceTree = "<group>"; };
		DA4A74321C3D9B240092A405 /* appdel.h */ = {isa = PBXFileReference; fileEncoding = 4; lastKnownFileType = sourcecode.c.h; path = appdel.h; sourceTree = "<group>"; };
		DA4A74331C3D9B240092A405 /* appdel.m */ = {isa = PBXFileReference; fileEncoding = 4; lastKnownFileType = sourcecode.c.objc; path = appdel.m; sourceTree = "<group>"; };
		DA4A74341C3D9B240092A405 /* Info.plist */ = {isa = PBXFileReference; fileEncoding = 4; lastKnownFileType = text.plist.xml; path = Info.plist; sourceTree = "<group>"; };
		DA4A74351C3D9B240092A405 /* main.m */ = {isa = PBXFileReference; fileEncoding = 4; lastKnownFileType = sourcecode.c.objc; path = main.m; sourceTree = "<group>"; };
		DA4A74371C3D9B240092A405 /* analytics.h */ = {isa = PBXFileReference; fileEncoding = 4; lastKnownFileType = sourcecode.c.h; path = analytics.h; sourceTree = "<group>"; };
		DA4A74381C3D9B240092A405 /* analytics.m */ = {isa = PBXFileReference; fileEncoding = 4; lastKnownFileType = sourcecode.c.objc; path = analytics.m; sourceTree = "<group>"; };
		DA4A74391C3D9B240092A405 /* generic.h */ = {isa = PBXFileReference; fileEncoding = 4; lastKnownFileType = sourcecode.c.h; path = generic.h; sourceTree = "<group>"; };
		DA4A743A1C3D9B240092A405 /* tools.h */ = {isa = PBXFileReference; fileEncoding = 4; lastKnownFileType = sourcecode.c.h; path = tools.h; sourceTree = "<group>"; };
		DA4A743B1C3D9B240092A405 /* tools.m */ = {isa = PBXFileReference; fileEncoding = 4; lastKnownFileType = sourcecode.c.objc; path = tools.m; sourceTree = "<group>"; };
		DA4A743C1C3D9B240092A405 /* updater.h */ = {isa = PBXFileReference; fileEncoding = 4; lastKnownFileType = sourcecode.c.h; path = updater.h; sourceTree = "<group>"; };
		DA4A743D1C3D9B240092A405 /* updater.m */ = {isa = PBXFileReference; fileEncoding = 4; lastKnownFileType = sourcecode.c.objc; path = updater.m; sourceTree = "<group>"; };
		DA4A74401C3D9B240092A405 /* timerbg.h */ = {isa = PBXFileReference; fileEncoding = 4; lastKnownFileType = sourcecode.c.h; path = timerbg.h; sourceTree = "<group>"; };
		DA4A74411C3D9B240092A405 /* libtimerbg.a */ = {isa = PBXFileReference; lastKnownFileType = archive.ar; path = libtimerbg.a; sourceTree = "<group>"; };
		DA4A74541C3D9CA10092A405 /* privateconstants.h */ = {isa = PBXFileReference; lastKnownFileType = sourcecode.c.h; path = privateconstants.h; sourceTree = "<group>"; };
		DA4A74551C3D9CC20092A405 /* constants.h */ = {isa = PBXFileReference; fileEncoding = 4; lastKnownFileType = sourcecode.c.h; path = constants.h; sourceTree = "<group>"; };
/* End PBXFileReference section */

/* Begin PBXFrameworksBuildPhase section */
		DA4A740B1C3D95E00092A405 /* Frameworks */ = {
			isa = PBXFrameworksBuildPhase;
			buildActionMask = 2147483647;
			files = (
				DA4A74531C3D9B240092A405 /* libtimerbg.a in Frameworks */,
				D2233BBF0363DC0A31972538 /* libPods-gattaca.a in Frameworks */,
			);
			runOnlyForDeploymentPostprocessing = 0;
		};
/* End PBXFrameworksBuildPhase section */

/* Begin PBXGroup section */
		888682718E9135D8FB18B6C6 /* Frameworks */ = {
			isa = PBXGroup;
			children = (
				172D94B9242E43D73828A848 /* libPods-gattaca.a */,
			);
			name = Frameworks;
			sourceTree = "<group>";
		};
		9C6D9024AA6AD54EEF136910 /* Pods */ = {
			isa = PBXGroup;
			children = (
				4478D6F5F04BF335E780B7FA /* Pods-gattaca.debug.xcconfig */,
				CCA345502A1E697843858F3E /* Pods-gattaca.release.xcconfig */,
			);
			name = Pods;
			sourceTree = "<group>";
		};
		DA29658D1C3DB2EC00BC713E /* c */ = {
			isa = PBXGroup;
			children = (
				DA2965901C3DB2F900BC713E /* c.h */,
				DA29659A1C3DC3E300BC713E /* main */,
				DA29659E1C3DC70100BC713E /* browse */,
				DA29659F1C3DC70100BC713E /* config */,
				DA2965A01C3DC70100BC713E /* contact */,
			);
			path = c;
			sourceTree = "<group>";
		};
		DA29658E1C3DB2EC00BC713E /* m */ = {
			isa = PBXGroup;
			children = (
				DA2965911C3DB30600BC713E /* m.h */,
				DA2965931C3DB50900BC713E /* general */,
			);
			path = m;
			sourceTree = "<group>";
		};
		DA29658F1C3DB2EC00BC713E /* v */ = {
			isa = PBXGroup;
			children = (
				DA2965921C3DB30D00BC713E /* v.h */,
				DA2965AA1C3DC94200BC713E /* browse */,
			);
			path = v;
			sourceTree = "<group>";
		};
		DA2965931C3DB50900BC713E /* general */ = {
			isa = PBXGroup;
			children = (
				DA2965941C3DB51D00BC713E /* mgeneral.h */,
			);
			path = general;
			sourceTree = "<group>";
		};
		DA29659A1C3DC3E300BC713E /* main */ = {
			isa = PBXGroup;
			children = (
				DA29659B1C3DC3E300BC713E /* cmain.h */,
				DA29659C1C3DC3E300BC713E /* cmain.m */,
			);
			path = main;
			sourceTree = "<group>";
		};
		DA29659E1C3DC70100BC713E /* browse */ = {
			isa = PBXGroup;
			children = (
				DA2965A11C3DC72C00BC713E /* cbrowse.h */,
				DA2965A21C3DC72C00BC713E /* cbrowse.m */,
			);
			path = browse;
			sourceTree = "<group>";
		};
		DA29659F1C3DC70100BC713E /* config */ = {
			isa = PBXGroup;
			children = (
				DA2965A41C3DC73C00BC713E /* cconfig.h */,
				DA2965A51C3DC73C00BC713E /* cconfig.m */,
			);
			path = config;
			sourceTree = "<group>";
		};
		DA2965A01C3DC70100BC713E /* contact */ = {
			isa = PBXGroup;
			children = (
				DA2965A71C3DC74600BC713E /* ccontact.h */,
				DA2965A81C3DC74600BC713E /* ccontact.m */,
			);
			path = contact;
			sourceTree = "<group>";
		};
		DA2965AA1C3DC94200BC713E /* browse */ = {
			isa = PBXGroup;
			children = (
				DA2965AB1C3DC95100BC713E /* vbrowse.h */,
				DA2965AC1C3DC95100BC713E /* vbrowse.m */,
			);
			path = browse;
			sourceTree = "<group>";
		};
		DA4A74051C3D95E00092A405 = {
			isa = PBXGroup;
			children = (
				DA4A74101C3D95E00092A405 /* gattaca */,
				DA4A740F1C3D95E00092A405 /* Products */,
				9C6D9024AA6AD54EEF136910 /* Pods */,
				888682718E9135D8FB18B6C6 /* Frameworks */,
			);
			sourceTree = "<group>";
		};
		DA4A740F1C3D95E00092A405 /* Products */ = {
			isa = PBXGroup;
			children = (
				DA4A740E1C3D95E00092A405 /* gattaca.app */,
			);
			name = Products;
			sourceTree = "<group>";
		};
		DA4A74101C3D95E00092A405 /* gattaca */ = {
			isa = PBXGroup;
			children = (
				DA4A74281C3D9B240092A405 /* imateq */,
				DA4A742B1C3D9B240092A405 /* langteq */,
				DA4A74301C3D9B240092A405 /* sourceteq */,
				DA388D781C3DA8A600672F8D /* Images.xcassets */,
			);
			path = gattaca;
			sourceTree = "<group>";
		};
		DA4A74281C3D9B240092A405 /* imateq */ = {
			isa = PBXGroup;
			children = (
				DA4A74291C3D9B240092A405 /* in */,
				DA4A742A1C3D9B240092A405 /* ui */,
			);
			path = imateq;
			sourceTree = "<group>";
		};
		DA4A74291C3D9B240092A405 /* in */ = {
			isa = PBXGroup;
			children = (
			);
			path = in;
			sourceTree = "<group>";
		};
		DA4A742A1C3D9B240092A405 /* ui */ = {
			isa = PBXGroup;
			children = (
			);
			path = ui;
			sourceTree = "<group>";
		};
		DA4A742B1C3D9B240092A405 /* langteq */ = {
			isa = PBXGroup;
			children = (
				DA2965951C3DB72C00BC713E /* analytics.plist */,
				DA4A742C1C3D9B240092A405 /* defs.plist */,
				DA4A742D1C3D9B240092A405 /* Localizable.strings */,
			);
			path = langteq;
			sourceTree = "<group>";
		};
		DA4A74301C3D9B240092A405 /* sourceteq */ = {
			isa = PBXGroup;
			children = (
				DA4A74311C3D9B240092A405 /* core */,
				DA4A74361C3D9B240092A405 /* generic */,
				DA4A743E1C3D9B240092A405 /* lib */,
				DA4A74411C3D9B240092A405 /* libtimerbg.a */,
				DA4A74421C3D9B240092A405 /* private */,
				DA4A74441C3D9B240092A405 /* source */,
			);
			path = sourceteq;
			sourceTree = "<group>";
		};
		DA4A74311C3D9B240092A405 /* core */ = {
			isa = PBXGroup;
			children = (
				DA4A74321C3D9B240092A405 /* appdel.h */,
				DA4A74331C3D9B240092A405 /* appdel.m */,
				DA4A74341C3D9B240092A405 /* Info.plist */,
				DA4A74351C3D9B240092A405 /* main.m */,
			);
			path = core;
			sourceTree = "<group>";
		};
		DA4A74361C3D9B240092A405 /* generic */ = {
			isa = PBXGroup;
			children = (
				DA4A74551C3D9CC20092A405 /* constants.h */,
				DA4A74371C3D9B240092A405 /* analytics.h */,
				DA4A74381C3D9B240092A405 /* analytics.m */,
				DA4A74391C3D9B240092A405 /* generic.h */,
				DA4A743A1C3D9B240092A405 /* tools.h */,
				DA4A743B1C3D9B240092A405 /* tools.m */,
				DA4A743C1C3D9B240092A405 /* updater.h */,
				DA4A743D1C3D9B240092A405 /* updater.m */,
			);
			path = generic;
			sourceTree = "<group>";
		};
		DA4A743E1C3D9B240092A405 /* lib */ = {
			isa = PBXGroup;
			children = (
				DA4A743F1C3D9B240092A405 /* timerbg */,
			);
			path = lib;
			sourceTree = "<group>";
		};
		DA4A743F1C3D9B240092A405 /* timerbg */ = {
			isa = PBXGroup;
			children = (
				DA4A74401C3D9B240092A405 /* timerbg.h */,
			);
			path = timerbg;
			sourceTree = "<group>";
		};
		DA4A74421C3D9B240092A405 /* private */ = {
			isa = PBXGroup;
			children = (
				DA388D7A1C3DA92600672F8D /* private.h */,
				DA4A74541C3D9CA10092A405 /* privateconstants.h */,
			);
			path = private;
			sourceTree = "<group>";
		};
		DA4A74441C3D9B240092A405 /* source */ = {
			isa = PBXGroup;
			children = (
				DA29658D1C3DB2EC00BC713E /* c */,
				DA29658E1C3DB2EC00BC713E /* m */,
				DA29658F1C3DB2EC00BC713E /* v */,
			);
			path = source;
			sourceTree = "<group>";
		};
/* End PBXGroup section */

/* Begin PBXNativeTarget section */
		DA4A740D1C3D95E00092A405 /* gattaca */ = {
			isa = PBXNativeTarget;
			buildConfigurationList = DA4A74251C3D95E00092A405 /* Build configuration list for PBXNativeTarget "gattaca" */;
			buildPhases = (
				CF294047123A715D2716C995 /* Check Pods Manifest.lock */,
				DA4A740A1C3D95E00092A405 /* Sources */,
				DA4A740B1C3D95E00092A405 /* Frameworks */,
				DA4A740C1C3D95E00092A405 /* Resources */,
				3A39F304CDE3AA2F511CF47F /* Embed Pods Frameworks */,
				23D8D5A7B6F847D4BD2496B1 /* Copy Pods Resources */,
			);
			buildRules = (
			);
			dependencies = (
			);
			name = gattaca;
			productName = gattaca;
			productReference = DA4A740E1C3D95E00092A405 /* gattaca.app */;
			productType = "com.apple.product-type.application";
		};
/* End PBXNativeTarget section */

/* Begin PBXProject section */
		DA4A74061C3D95E00092A405 /* Project object */ = {
			isa = PBXProject;
			attributes = {
				LastUpgradeCheck = 0720;
				ORGANIZATIONNAME = Iturbide;
				TargetAttributes = {
					DA4A740D1C3D95E00092A405 = {
						CreatedOnToolsVersion = 7.2;
						DevelopmentTeam = 7AMWG3RLHN;
					};
				};
			};
			buildConfigurationList = DA4A74091C3D95E00092A405 /* Build configuration list for PBXProject "gattaca" */;
			compatibilityVersion = "Xcode 3.2";
			developmentRegion = English;
			hasScannedForEncodings = 0;
			knownRegions = (
				en,
				Base,
				es,
			);
			mainGroup = DA4A74051C3D95E00092A405;
			productRefGroup = DA4A740F1C3D95E00092A405 /* Products */;
			projectDirPath = "";
			projectRoot = "";
			targets = (
				DA4A740D1C3D95E00092A405 /* gattaca */,
			);
		};
/* End PBXProject section */

/* Begin PBXResourcesBuildPhase section */
		DA4A740C1C3D95E00092A405 /* Resources */ = {
			isa = PBXResourcesBuildPhase;
			buildActionMask = 2147483647;
			files = (
				DA4A744B1C3D9B240092A405 /* defs.plist in Resources */,
				DA2965961C3DB72C00BC713E /* analytics.plist in Resources */,
				DA388D791C3DA8A600672F8D /* Images.xcassets in Resources */,
				DA4A744C1C3D9B240092A405 /* Localizable.strings in Resources */,
				DA4A744E1C3D9B240092A405 /* Info.plist in Resources */,
			);
			runOnlyForDeploymentPostprocessing = 0;
		};
/* End PBXResourcesBuildPhase section */

/* Begin PBXShellScriptBuildPhase section */
		23D8D5A7B6F847D4BD2496B1 /* Copy Pods Resources */ = {
			isa = PBXShellScriptBuildPhase;
			buildActionMask = 2147483647;
			files = (
			);
			inputPaths = (
			);
			name = "Copy Pods Resources";
			outputPaths = (
			);
			runOnlyForDeploymentPostprocessing = 0;
			shellPath = /bin/sh;
			shellScript = "\"${SRCROOT}/Pods/Target Support Files/Pods-gattaca/Pods-gattaca-resources.sh\"\n";
			showEnvVarsInLog = 0;
		};
		3A39F304CDE3AA2F511CF47F /* Embed Pods Frameworks */ = {
			isa = PBXShellScriptBuildPhase;
			buildActionMask = 2147483647;
			files = (
			);
			inputPaths = (
			);
			name = "Embed Pods Frameworks";
			outputPaths = (
			);
			runOnlyForDeploymentPostprocessing = 0;
			shellPath = /bin/sh;
			shellScript = "\"${SRCROOT}/Pods/Target Support Files/Pods-gattaca/Pods-gattaca-frameworks.sh\"\n";
			showEnvVarsInLog = 0;
		};
		CF294047123A715D2716C995 /* Check Pods Manifest.lock */ = {
			isa = PBXShellScriptBuildPhase;
			buildActionMask = 2147483647;
			files = (
			);
			inputPaths = (
			);
			name = "Check Pods Manifest.lock";
			outputPaths = (
			);
			runOnlyForDeploymentPostprocessing = 0;
			shellPath = /bin/sh;
			shellScript = "diff \"${PODS_ROOT}/../Podfile.lock\" \"${PODS_ROOT}/Manifest.lock\" > /dev/null\nif [[ $? != 0 ]] ; then\n    cat << EOM\nerror: The sandbox is not in sync with the Podfile.lock. Run 'pod install' or update your CocoaPods installation.\nEOM\n    exit 1\nfi\n";
			showEnvVarsInLog = 0;
		};
/* End PBXShellScriptBuildPhase section */

/* Begin PBXSourcesBuildPhase section */
		DA4A740A1C3D95E00092A405 /* Sources */ = {
			isa = PBXSourcesBuildPhase;
			buildActionMask = 2147483647;
			files = (
				DA2965AD1C3DC95100BC713E /* vbrowse.m in Sources */,
				DA2965A91C3DC74600BC713E /* ccontact.m in Sources */,
				DA2965A31C3DC72C00BC713E /* cbrowse.m in Sources */,
				DA29659D1C3DC3E300BC713E /* cmain.m in Sources */,
				DA4A744F1C3D9B240092A405 /* main.m in Sources */,
				DA4A744D1C3D9B240092A405 /* appdel.m in Sources */,
				DA4A74501C3D9B240092A405 /* analytics.m in Sources */,
				DA2965A61C3DC73C00BC713E /* cconfig.m in Sources */,
				DA4A74511C3D9B240092A405 /* tools.m in Sources */,
				DA4A74521C3D9B240092A405 /* updater.m in Sources */,
			);
			runOnlyForDeploymentPostprocessing = 0;
		};
/* End PBXSourcesBuildPhase section */

/* Begin PBXVariantGroup section */
		DA4A742D1C3D9B240092A405 /* Localizable.strings */ = {
			isa = PBXVariantGroup;
			children = (
				DA4A742E1C3D9B240092A405 /* en */,
				DA4A742F1C3D9B240092A405 /* es */,
			);
			name = Localizable.strings;
			sourceTree = "<group>";
		};
/* End PBXVariantGroup section */

/* Begin XCBuildConfiguration section */
		DA4A74231C3D95E00092A405 /* Debug */ = {
			isa = XCBuildConfiguration;
			buildSettings = {
				ALWAYS_SEARCH_USER_PATHS = NO;
				CLANG_CXX_LANGUAGE_STANDARD = "gnu++0x";
				CLANG_CXX_LIBRARY = "libc++";
				CLANG_ENABLE_MODULES = YES;
				CLANG_ENABLE_OBJC_ARC = YES;
				CLANG_WARN_BOOL_CONVERSION = YES;
				CLANG_WARN_CONSTANT_CONVERSION = YES;
				CLANG_WARN_DIRECT_OBJC_ISA_USAGE = YES_ERROR;
				CLANG_WARN_EMPTY_BODY = YES;
				CLANG_WARN_ENUM_CONVERSION = YES;
				CLANG_WARN_INT_CONVERSION = YES;
				CLANG_WARN_OBJC_ROOT_CLASS = YES_ERROR;
				CLANG_WARN_UNREACHABLE_CODE = YES;
				CLANG_WARN__DUPLICATE_METHOD_MATCH = YES;
				"CODE_SIGN_IDENTITY[sdk=iphoneos*]" = "iPhone Developer";
				COPY_PHASE_STRIP = NO;
				DEBUG_INFORMATION_FORMAT = dwarf;
				ENABLE_STRICT_OBJC_MSGSEND = YES;
				ENABLE_TESTABILITY = YES;
				GCC_C_LANGUAGE_STANDARD = gnu99;
				GCC_DYNAMIC_NO_PIC = NO;
				GCC_NO_COMMON_BLOCKS = YES;
				GCC_OPTIMIZATION_LEVEL = 0;
				GCC_PREPROCESSOR_DEFINITIONS = (
					"DEBUG=1",
					"$(inherited)",
				);
				GCC_WARN_64_TO_32_BIT_CONVERSION = YES;
				GCC_WARN_ABOUT_RETURN_TYPE = YES_ERROR;
				GCC_WARN_UNDECLARED_SELECTOR = YES;
				GCC_WARN_UNINITIALIZED_AUTOS = YES_AGGRESSIVE;
				GCC_WARN_UNUSED_FUNCTION = YES;
				GCC_WARN_UNUSED_VARIABLE = YES;
				IPHONEOS_DEPLOYMENT_TARGET = 7.0;
				MTL_ENABLE_DEBUG_INFO = YES;
				ONLY_ACTIVE_ARCH = YES;
				SDKROOT = iphoneos;
				TARGETED_DEVICE_FAMILY = "1,2";
			};
			name = Debug;
		};
		DA4A74241C3D95E00092A405 /* Release */ = {
			isa = XCBuildConfiguration;
			buildSettings = {
				ALWAYS_SEARCH_USER_PATHS = NO;
				CLANG_CXX_LANGUAGE_STANDARD = "gnu++0x";
				CLANG_CXX_LIBRARY = "libc++";
				CLANG_ENABLE_MODULES = YES;
				CLANG_ENABLE_OBJC_ARC = YES;
				CLANG_WARN_BOOL_CONVERSION = YES;
				CLANG_WARN_CONSTANT_CONVERSION = YES;
				CLANG_WARN_DIRECT_OBJC_ISA_USAGE = YES_ERROR;
				CLANG_WARN_EMPTY_BODY = YES;
				CLANG_WARN_ENUM_CONVERSION = YES;
				CLANG_WARN_INT_CONVERSION = YES;
				CLANG_WARN_OBJC_ROOT_CLASS = YES_ERROR;
				CLANG_WARN_UNREACHABLE_CODE = YES;
				CLANG_WARN__DUPLICATE_METHOD_MATCH = YES;
				"CODE_SIGN_IDENTITY[sdk=iphoneos*]" = "iPhone Developer";
				COPY_PHASE_STRIP = NO;
				DEBUG_INFORMATION_FORMAT = "dwarf-with-dsym";
				ENABLE_NS_ASSERTIONS = NO;
				ENABLE_STRICT_OBJC_MSGSEND = YES;
				GCC_C_LANGUAGE_STANDARD = gnu99;
				GCC_NO_COMMON_BLOCKS = YES;
				GCC_WARN_64_TO_32_BIT_CONVERSION = YES;
				GCC_WARN_ABOUT_RETURN_TYPE = YES_ERROR;
				GCC_WARN_UNDECLARED_SELECTOR = YES;
				GCC_WARN_UNINITIALIZED_AUTOS = YES_AGGRESSIVE;
				GCC_WARN_UNUSED_FUNCTION = YES;
				GCC_WARN_UNUSED_VARIABLE = YES;
				IPHONEOS_DEPLOYMENT_TARGET = 7.0;
				MTL_ENABLE_DEBUG_INFO = NO;
				SDKROOT = iphoneos;
				TARGETED_DEVICE_FAMILY = "1,2";
				VALIDATE_PRODUCT = YES;
			};
			name = Release;
		};
		DA4A74261C3D95E00092A405 /* Debug */ = {
			isa = XCBuildConfiguration;
			baseConfigurationReference = 4478D6F5F04BF335E780B7FA /* Pods-gattaca.debug.xcconfig */;
			buildSettings = {
				ASSETCATALOG_COMPILER_APPICON_NAME = AppIcon;
				ASSETCATALOG_COMPILER_LAUNCHIMAGE_NAME = "Brand Assets";
				CODE_SIGN_IDENTITY = "iPhone Developer";
				ENABLE_BITCODE = NO;
				INFOPLIST_FILE = "$(SRCROOT)/gattaca/sourceteq/core/Info.plist";
				LD_RUNPATH_SEARCH_PATHS = "$(inherited) @executable_path/Frameworks";
				LIBRARY_SEARCH_PATHS = (
					"$(inherited)",
					"$(PROJECT_DIR)/gattaca/sourceteq",
				);
				PRODUCT_BUNDLE_IDENTIFIER = iturbide.gattaca;
				PRODUCT_NAME = "$(TARGET_NAME)";
				TARGETED_DEVICE_FAMILY = "1,2";
			};
			name = Debug;
		};
		DA4A74271C3D95E00092A405 /* Release */ = {
			isa = XCBuildConfiguration;
			baseConfigurationReference = CCA345502A1E697843858F3E /* Pods-gattaca.release.xcconfig */;
			buildSettings = {
				ASSETCATALOG_COMPILER_APPICON_NAME = AppIcon;
				ASSETCATALOG_COMPILER_LAUNCHIMAGE_NAME = "Brand Assets";
				CODE_SIGN_IDENTITY = "iPhone Distribution";
				ENABLE_BITCODE = NO;
				INFOPLIST_FILE = "$(SRCROOT)/gattaca/sourceteq/core/Info.plist";
				LD_RUNPATH_SEARCH_PATHS = "$(inherited) @executable_path/Frameworks";
				LIBRARY_SEARCH_PATHS = (
					"$(inherited)",
					"$(PROJECT_DIR)/gattaca/sourceteq",
				);
				PRODUCT_BUNDLE_IDENTIFIER = iturbide.gattaca;
				PRODUCT_NAME = "$(TARGET_NAME)";
				TARGETED_DEVICE_FAMILY = "1,2";
			};
			name = Release;
		};
/* End XCBuildConfiguration section */

/* Begin XCConfigurationList section */
		DA4A74091C3D95E00092A405 /* Build configuration list for PBXProject "gattaca" */ = {
			isa = XCConfigurationList;
			buildConfigurations = (
				DA4A74231C3D95E00092A405 /* Debug */,
				DA4A74241C3D95E00092A405 /* Release */,
			);
			defaultConfigurationIsVisible = 0;
			defaultConfigurationName = Release;
		};
		DA4A74251C3D95E00092A405 /* Build configuration list for PBXNativeTarget "gattaca" */ = {
			isa = XCConfigurationList;
			buildConfigurations = (
				DA4A74261C3D95E00092A405 /* Debug */,
				DA4A74271C3D95E00092A405 /* Release */,
			);
			defaultConfigurationIsVisible = 0;
			defaultConfigurationName = Release;
		};
/* End XCConfigurationList section */
	};
	rootObject = DA4A74061C3D95E00092A405 /* Project object */;
}
